PODS:
  - Alamofire (5.4.3)
  - BetterSegmentedControl (1.3.0)
  - KIF (3.7.15):
    - KIF/Core (= 3.7.15)
  - KIF/Core (3.7.15)
  - KIF/IdentifierTests (3.7.15):
    - KIF/Core
  - Kingfisher (5.14.1):
    - Kingfisher/Core (= 5.14.1)
  - Kingfisher/Core (5.14.1)
  - Nimble (9.2.0)
  - Quick (4.0.0)
  - R.swift (5.2.2):
    - R.swift.Library (~> 5.2.0)
  - R.swift.Library (5.2.0)
  - Realm (10.7.6):
    - Realm/Headers (= 10.7.6)
  - Realm/Headers (10.7.6)
  - RealmSwift (10.7.6):
    - Realm (= 10.7.6)
  - SnapKit (5.0.1)
  - SwiftLint (0.39.2)

DEPENDENCIES:
  - Alamofire (~> 5.4)
  - BetterSegmentedControl (~> 1.3)
  - KIF (~> 3.7.11)
  - KIF/IdentifierTests (~> 3.7.11)
  - Kingfisher (= 5.14.1)
  - Nimble (= 9.2.0)
  - Quick (= 4.0.0)
  - R.swift (~> 5.2.2)
  - RealmSwift (~> 10.7)
  - SnapKit (~> 5.0.0)
  - SwiftLint (~> 0.39.2)

SPEC REPOS:
  trunk:
    - Alamofire
    - BetterSegmentedControl
    - KIF
    - Kingfisher
    - Nimble
    - Quick
    - R.swift
    - R.swift.Library
    - Realm
    - RealmSwift
    - SnapKit
    - SwiftLint

SPEC CHECKSUMS:
  Alamofire: e447a2774a40c996748296fa2c55112fdbbc42f9
  BetterSegmentedControl: 85d1b0343a09603b098884d527f550dfc8e6cdd9
  KIF: c060ca8bf50986a9b236d0337affab573eacc152
  Kingfisher: 8050bc6f7f68cbf3908bd04df7ccbac188f6d6d6
  Nimble: 4f4a345c80b503b3ea13606a4f98405974ee4d0b
  Quick: 6473349e43b9271a8d43839d9ba1c442ed1b7ac4
  R.swift: 7c52cdc57a66840ffe6cbd8a823d732059d42a32
  R.swift.Library: 5ba4f1631300caf9a4d890186930da85d540769d
  Realm: ed860452717c8db8f4bf832b6807f7f2ce708839
  RealmSwift: e31c4ddbcc42ac879313d656b86f9ca539f6f4f4
  SnapKit: 97b92857e3df3a0c71833cce143274bf6ef8e5eb
  SwiftLint: 22ccbbe3b8008684be5955693bab135e0ed6a447

PODFILE CHECKSUM: 938e35e1b1bc2f382c01770e18e8e9105d13dd61

COCOAPODS: 1.10.1
