// !$*UTF8*$!
{
	archiveVersion = 1;
	classes = {
	};
	objectVersion = 51;
	objects = {

/* Begin PBXBuildFile section */
		1518F10524D0F99C0020593B /* Network.swift in Sources */ = {isa = PBXBuildFile; fileRef = 1518F10424D0F99C0020593B /* Network.swift */; };
		1518F10724D0F9E40020593B /* RequestData.swift in Sources */ = {isa = PBXBuildFile; fileRef = 1518F10624D0F9E40020593B /* RequestData.swift */; };
		1518F10B24D0FB360020593B /* MarvelAPI.swift in Sources */ = {isa = PBXBuildFile; fileRef = 1518F10A24D0FB360020593B /* MarvelAPI.swift */; };
		151C67A024D0EE5A005D0D08 /* CharacterListBuilder.swift in Sources */ = {isa = PBXBuildFile; fileRef = 151C679F24D0EE5A005D0D08 /* CharacterListBuilder.swift */; };
		155B771424D1AE5F005DECC3 /* SnakeCaseDecoder.swift in Sources */ = {isa = PBXBuildFile; fileRef = 155B771324D1AE5F005DECC3 /* SnakeCaseDecoder.swift */; };
		155B771624D1B045005DECC3 /* DefaultDecoder.swift in Sources */ = {isa = PBXBuildFile; fileRef = 155B771524D1B045005DECC3 /* DefaultDecoder.swift */; };
		155B771A24D1B51F005DECC3 /* CharacterListWorker.swift in Sources */ = {isa = PBXBuildFile; fileRef = 155B771924D1B51F005DECC3 /* CharacterListWorker.swift */; };
		155B771D24D1B59C005DECC3 /* CharacterListResponse.swift in Sources */ = {isa = PBXBuildFile; fileRef = 155B771C24D1B59C005DECC3 /* CharacterListResponse.swift */; };
		155B772124D1B9AD005DECC3 /* CharacterListResults.swift in Sources */ = {isa = PBXBuildFile; fileRef = 155B772024D1B9AD005DECC3 /* CharacterListResults.swift */; };
		155B772324D1C314005DECC3 /* Thumbnail.swift in Sources */ = {isa = PBXBuildFile; fileRef = 155B772224D1C314005DECC3 /* Thumbnail.swift */; };
		155B772524D1D742005DECC3 /* CharacterListInteractor.swift in Sources */ = {isa = PBXBuildFile; fileRef = 155B772424D1D742005DECC3 /* CharacterListInteractor.swift */; };
		155B772724D1D7DC005DECC3 /* CharacterListPresenter.swift in Sources */ = {isa = PBXBuildFile; fileRef = 155B772624D1D7DC005DECC3 /* CharacterListPresenter.swift */; };
		155B772924D1D83C005DECC3 /* CharacterListRouter.swift in Sources */ = {isa = PBXBuildFile; fileRef = 155B772824D1D83C005DECC3 /* CharacterListRouter.swift */; };
		155B772C24D1F688005DECC3 /* UIViewController+Extensions.swift in Sources */ = {isa = PBXBuildFile; fileRef = 155B772B24D1F688005DECC3 /* UIViewController+Extensions.swift */; };
		155B772E24D1F6FB005DECC3 /* UIColor+Extensions.swift in Sources */ = {isa = PBXBuildFile; fileRef = 155B772D24D1F6FB005DECC3 /* UIColor+Extensions.swift */; };
		155B773024D1FE8E005DECC3 /* CharacterCollectionCell.swift in Sources */ = {isa = PBXBuildFile; fileRef = 155B772F24D1FE8E005DECC3 /* CharacterCollectionCell.swift */; };
		155B773224D21DE5005DECC3 /* UIImageView+Extensions.swift in Sources */ = {isa = PBXBuildFile; fileRef = 155B773124D21DE5005DECC3 /* UIImageView+Extensions.swift */; };
		155B773524D2245B005DECC3 /* UICardView.swift in Sources */ = {isa = PBXBuildFile; fileRef = 155B773424D2245B005DECC3 /* UICardView.swift */; };
		156B2F2224D10B4400643FB6 /* Character.swift in Sources */ = {isa = PBXBuildFile; fileRef = 156B2F2124D10B4400643FB6 /* Character.swift */; };
		156B2F2424D10FAF00643FB6 /* Date+Extensions.swift in Sources */ = {isa = PBXBuildFile; fileRef = 156B2F2324D10FAF00643FB6 /* Date+Extensions.swift */; };
		156B2F2624D110F300643FB6 /* String+Extensions.swift in Sources */ = {isa = PBXBuildFile; fileRef = 156B2F2524D110F300643FB6 /* String+Extensions.swift */; };
		157A2E0F24D456A200133F79 /* UIHeartButton.swift in Sources */ = {isa = PBXBuildFile; fileRef = 157A2E0E24D456A200133F79 /* UIHeartButton.swift */; };
		157A2E1124D45E2700133F79 /* UICircularView.swift in Sources */ = {isa = PBXBuildFile; fileRef = 157A2E1024D45E2700133F79 /* UICircularView.swift */; };
		157A2E1324D4A17700133F79 /* CharacterRealm.swift in Sources */ = {isa = PBXBuildFile; fileRef = 157A2E1224D4A17700133F79 /* CharacterRealm.swift */; };
		157A2E1524D4A4E200133F79 /* ThumbnailRealm.swift in Sources */ = {isa = PBXBuildFile; fileRef = 157A2E1424D4A4E200133F79 /* ThumbnailRealm.swift */; };
		157A2E1B24D4A78900133F79 /* PersistenceManager.swift in Sources */ = {isa = PBXBuildFile; fileRef = 157A2E1A24D4A78900133F79 /* PersistenceManager.swift */; };
		157A2E1D24D4A81E00133F79 /* PersistenceProtocol.swift in Sources */ = {isa = PBXBuildFile; fileRef = 157A2E1C24D4A81E00133F79 /* PersistenceProtocol.swift */; };
		157A2E1F24D4A84600133F79 /* RealmDatabase.swift in Sources */ = {isa = PBXBuildFile; fileRef = 157A2E1E24D4A84600133F79 /* RealmDatabase.swift */; };
		159E393224D0EBE000744AB4 /* Localizable.strings in Resources */ = {isa = PBXBuildFile; fileRef = 159E393424D0EBE000744AB4 /* Localizable.strings */; };
		159E393824D0ECDF00744AB4 /* R+Extensions.swift in Sources */ = {isa = PBXBuildFile; fileRef = 159E393724D0ECDF00744AB4 /* R+Extensions.swift */; };
		15ACB5C524D30508002156D0 /* CharacterDetailsBuilder.swift in Sources */ = {isa = PBXBuildFile; fileRef = 15ACB5C424D30508002156D0 /* CharacterDetailsBuilder.swift */; };
		15ACB5C724D30559002156D0 /* CharacterDetailsViewController.swift in Sources */ = {isa = PBXBuildFile; fileRef = 15ACB5C624D30559002156D0 /* CharacterDetailsViewController.swift */; };
		15ACB5C924D30A38002156D0 /* CharacterDetailsInteractor.swift in Sources */ = {isa = PBXBuildFile; fileRef = 15ACB5C824D30A38002156D0 /* CharacterDetailsInteractor.swift */; };
		15ACB5CB24D30A8C002156D0 /* CharacterDetailsPresenter.swift in Sources */ = {isa = PBXBuildFile; fileRef = 15ACB5CA24D30A8C002156D0 /* CharacterDetailsPresenter.swift */; };
		15ACB5CD24D30ADE002156D0 /* CharacterDetailsRouter.swift in Sources */ = {isa = PBXBuildFile; fileRef = 15ACB5CC24D30ADE002156D0 /* CharacterDetailsRouter.swift */; };
		15ACB5CF24D34CFD002156D0 /* MarvelURLBuilder.swift in Sources */ = {isa = PBXBuildFile; fileRef = 15ACB5CE24D34CFD002156D0 /* MarvelURLBuilder.swift */; };
		15ACB5D324D363B9002156D0 /* ComicBookListWorker.swift in Sources */ = {isa = PBXBuildFile; fileRef = 15ACB5D224D363B9002156D0 /* ComicBookListWorker.swift */; };
		15ACB5D624D364BB002156D0 /* ComicBookListResponse.swift in Sources */ = {isa = PBXBuildFile; fileRef = 15ACB5D524D364BB002156D0 /* ComicBookListResponse.swift */; };
		15ACB5D824D36981002156D0 /* ComicBooListResults.swift in Sources */ = {isa = PBXBuildFile; fileRef = 15ACB5D724D36981002156D0 /* ComicBooListResults.swift */; };
		15ACB5DA24D36A7B002156D0 /* ComicBook.swift in Sources */ = {isa = PBXBuildFile; fileRef = 15ACB5D924D36A7B002156D0 /* ComicBook.swift */; };
		15ACB5DD24D37589002156D0 /* ComicBookCarouselView.swift in Sources */ = {isa = PBXBuildFile; fileRef = 15ACB5DC24D37589002156D0 /* ComicBookCarouselView.swift */; };
		15ACB5E024D378A5002156D0 /* ComicBookCollectionViewCell.swift in Sources */ = {isa = PBXBuildFile; fileRef = 15ACB5DF24D378A5002156D0 /* ComicBookCollectionViewCell.swift */; };
		15B12D1D24D796A7005FF023 /* CharacterListViewSection.swift in Sources */ = {isa = PBXBuildFile; fileRef = 15B12D1C24D796A7005FF023 /* CharacterListViewSection.swift */; };
		15B6E9FF24D0D640005F2CD2 /* AppDelegate.swift in Sources */ = {isa = PBXBuildFile; fileRef = 15B6E9FE24D0D640005F2CD2 /* AppDelegate.swift */; };
		15B6EA0124D0D640005F2CD2 /* SceneDelegate.swift in Sources */ = {isa = PBXBuildFile; fileRef = 15B6EA0024D0D640005F2CD2 /* SceneDelegate.swift */; };
		15B6EA0324D0D640005F2CD2 /* CharacterListViewController.swift in Sources */ = {isa = PBXBuildFile; fileRef = 15B6EA0224D0D640005F2CD2 /* CharacterListViewController.swift */; };
		15B6EA0624D0D640005F2CD2 /* Main.storyboard in Resources */ = {isa = PBXBuildFile; fileRef = 15B6EA0424D0D640005F2CD2 /* Main.storyboard */; };
		15B6EA0824D0D640005F2CD2 /* Assets.xcassets in Resources */ = {isa = PBXBuildFile; fileRef = 15B6EA0724D0D640005F2CD2 /* Assets.xcassets */; };
		15B6EA0B24D0D640005F2CD2 /* LaunchScreen.storyboard in Resources */ = {isa = PBXBuildFile; fileRef = 15B6EA0924D0D640005F2CD2 /* LaunchScreen.storyboard */; };
		15B6EA1624D0D641005F2CD2 /* MarvelTests.swift in Sources */ = {isa = PBXBuildFile; fileRef = 15B6EA1524D0D641005F2CD2 /* MarvelTests.swift */; };
		15B6EA2424D0DD32005F2CD2 /* R.generated.swift in Sources */ = {isa = PBXBuildFile; fileRef = 15B6EA2324D0DD32005F2CD2 /* R.generated.swift */; };
		15FB0EC024D6054B00123270 /* BaseViewController.swift in Sources */ = {isa = PBXBuildFile; fileRef = 15FB0EBF24D6054B00123270 /* BaseViewController.swift */; };
		423B387063969EC3EB660349 /* Pods_MarvelTests.framework in Frameworks */ = {isa = PBXBuildFile; fileRef = 8FB57ADC45AFC5AC0845B320 /* Pods_MarvelTests.framework */; };
		E901BA065013B52D856798B7 /* Pods_Marvel.framework in Frameworks */ = {isa = PBXBuildFile; fileRef = D087A69A482909276C41AD55 /* Pods_Marvel.framework */; };
/* End PBXBuildFile section */

/* Begin PBXContainerItemProxy section */
		15B6EA1224D0D641005F2CD2 /* PBXContainerItemProxy */ = {
			isa = PBXContainerItemProxy;
			containerPortal = 15B6E9F324D0D640005F2CD2 /* Project object */;
			proxyType = 1;
			remoteGlobalIDString = 15B6E9FA24D0D640005F2CD2;
			remoteInfo = Marvel;
		};
/* End PBXContainerItemProxy section */

/* Begin PBXFileReference section */
		1518F10424D0F99C0020593B /* Network.swift */ = {isa = PBXFileReference; lastKnownFileType = sourcecode.swift; path = Network.swift; sourceTree = "<group>"; };
		1518F10624D0F9E40020593B /* RequestData.swift */ = {isa = PBXFileReference; lastKnownFileType = sourcecode.swift; path = RequestData.swift; sourceTree = "<group>"; };
		1518F10A24D0FB360020593B /* MarvelAPI.swift */ = {isa = PBXFileReference; lastKnownFileType = sourcecode.swift; path = MarvelAPI.swift; sourceTree = "<group>"; };
		151C679F24D0EE5A005D0D08 /* CharacterListBuilder.swift */ = {isa = PBXFileReference; lastKnownFileType = sourcecode.swift; path = CharacterListBuilder.swift; sourceTree = "<group>"; };
		155B771324D1AE5F005DECC3 /* SnakeCaseDecoder.swift */ = {isa = PBXFileReference; lastKnownFileType = sourcecode.swift; path = SnakeCaseDecoder.swift; sourceTree = "<group>"; };
		155B771524D1B045005DECC3 /* DefaultDecoder.swift */ = {isa = PBXFileReference; lastKnownFileType = sourcecode.swift; path = DefaultDecoder.swift; sourceTree = "<group>"; };
		155B771924D1B51F005DECC3 /* CharacterListWorker.swift */ = {isa = PBXFileReference; lastKnownFileType = sourcecode.swift; path = CharacterListWorker.swift; sourceTree = "<group>"; };
		155B771C24D1B59C005DECC3 /* CharacterListResponse.swift */ = {isa = PBXFileReference; lastKnownFileType = sourcecode.swift; path = CharacterListResponse.swift; sourceTree = "<group>"; };
		155B772024D1B9AD005DECC3 /* CharacterListResults.swift */ = {isa = PBXFileReference; lastKnownFileType = sourcecode.swift; path = CharacterListResults.swift; sourceTree = "<group>"; };
		155B772224D1C314005DECC3 /* Thumbnail.swift */ = {isa = PBXFileReference; lastKnownFileType = sourcecode.swift; path = Thumbnail.swift; sourceTree = "<group>"; };
		155B772424D1D742005DECC3 /* CharacterListInteractor.swift */ = {isa = PBXFileReference; lastKnownFileType = sourcecode.swift; path = CharacterListInteractor.swift; sourceTree = "<group>"; };
		155B772624D1D7DC005DECC3 /* CharacterListPresenter.swift */ = {isa = PBXFileReference; lastKnownFileType = sourcecode.swift; path = CharacterListPresenter.swift; sourceTree = "<group>"; };
		155B772824D1D83C005DECC3 /* CharacterListRouter.swift */ = {isa = PBXFileReference; lastKnownFileType = sourcecode.swift; path = CharacterListRouter.swift; sourceTree = "<group>"; };
		155B772B24D1F688005DECC3 /* UIViewController+Extensions.swift */ = {isa = PBXFileReference; lastKnownFileType = sourcecode.swift; path = "UIViewController+Extensions.swift"; sourceTree = "<group>"; };
		155B772D24D1F6FB005DECC3 /* UIColor+Extensions.swift */ = {isa = PBXFileReference; lastKnownFileType = sourcecode.swift; path = "UIColor+Extensions.swift"; sourceTree = "<group>"; };
		155B772F24D1FE8E005DECC3 /* CharacterCollectionCell.swift */ = {isa = PBXFileReference; lastKnownFileType = sourcecode.swift; path = CharacterCollectionCell.swift; sourceTree = "<group>"; };
		155B773124D21DE5005DECC3 /* UIImageView+Extensions.swift */ = {isa = PBXFileReference; lastKnownFileType = sourcecode.swift; path = "UIImageView+Extensions.swift"; sourceTree = "<group>"; };
		155B773424D2245B005DECC3 /* UICardView.swift */ = {isa = PBXFileReference; lastKnownFileType = sourcecode.swift; path = UICardView.swift; sourceTree = "<group>"; };
		156B2F2124D10B4400643FB6 /* Character.swift */ = {isa = PBXFileReference; lastKnownFileType = sourcecode.swift; path = Character.swift; sourceTree = "<group>"; };
		156B2F2324D10FAF00643FB6 /* Date+Extensions.swift */ = {isa = PBXFileReference; lastKnownFileType = sourcecode.swift; path = "Date+Extensions.swift"; sourceTree = "<group>"; };
		156B2F2524D110F300643FB6 /* String+Extensions.swift */ = {isa = PBXFileReference; lastKnownFileType = sourcecode.swift; path = "String+Extensions.swift"; sourceTree = "<group>"; };
		157A2E0E24D456A200133F79 /* UIHeartButton.swift */ = {isa = PBXFileReference; lastKnownFileType = sourcecode.swift; path = UIHeartButton.swift; sourceTree = "<group>"; };
		157A2E1024D45E2700133F79 /* UICircularView.swift */ = {isa = PBXFileReference; lastKnownFileType = sourcecode.swift; path = UICircularView.swift; sourceTree = "<group>"; };
		157A2E1224D4A17700133F79 /* CharacterRealm.swift */ = {isa = PBXFileReference; lastKnownFileType = sourcecode.swift; path = CharacterRealm.swift; sourceTree = "<group>"; };
		157A2E1424D4A4E200133F79 /* ThumbnailRealm.swift */ = {isa = PBXFileReference; lastKnownFileType = sourcecode.swift; path = ThumbnailRealm.swift; sourceTree = "<group>"; };
		157A2E1A24D4A78900133F79 /* PersistenceManager.swift */ = {isa = PBXFileReference; lastKnownFileType = sourcecode.swift; path = PersistenceManager.swift; sourceTree = "<group>"; };
		157A2E1C24D4A81E00133F79 /* PersistenceProtocol.swift */ = {isa = PBXFileReference; lastKnownFileType = sourcecode.swift; path = PersistenceProtocol.swift; sourceTree = "<group>"; };
		157A2E1E24D4A84600133F79 /* RealmDatabase.swift */ = {isa = PBXFileReference; lastKnownFileType = sourcecode.swift; path = RealmDatabase.swift; sourceTree = "<group>"; };
		159E393324D0EBE000744AB4 /* en */ = {isa = PBXFileReference; lastKnownFileType = text.plist.strings; name = en; path = en.lproj/Localizable.strings; sourceTree = "<group>"; };
		159E393524D0EBF500744AB4 /* pt-BR */ = {isa = PBXFileReference; lastKnownFileType = text.plist.strings; name = "pt-BR"; path = "pt-BR.lproj/Localizable.strings"; sourceTree = "<group>"; };
		159E393724D0ECDF00744AB4 /* R+Extensions.swift */ = {isa = PBXFileReference; lastKnownFileType = sourcecode.swift; path = "R+Extensions.swift"; sourceTree = "<group>"; };
		15ACB5C424D30508002156D0 /* CharacterDetailsBuilder.swift */ = {isa = PBXFileReference; lastKnownFileType = sourcecode.swift; path = CharacterDetailsBuilder.swift; sourceTree = "<group>"; };
		15ACB5C624D30559002156D0 /* CharacterDetailsViewController.swift */ = {isa = PBXFileReference; lastKnownFileType = sourcecode.swift; path = CharacterDetailsViewController.swift; sourceTree = "<group>"; };
		15ACB5C824D30A38002156D0 /* CharacterDetailsInteractor.swift */ = {isa = PBXFileReference; lastKnownFileType = sourcecode.swift; path = CharacterDetailsInteractor.swift; sourceTree = "<group>"; };
		15ACB5CA24D30A8C002156D0 /* CharacterDetailsPresenter.swift */ = {isa = PBXFileReference; lastKnownFileType = sourcecode.swift; path = CharacterDetailsPresenter.swift; sourceTree = "<group>"; };
		15ACB5CC24D30ADE002156D0 /* CharacterDetailsRouter.swift */ = {isa = PBXFileReference; lastKnownFileType = sourcecode.swift; path = CharacterDetailsRouter.swift; sourceTree = "<group>"; };
		15ACB5CE24D34CFD002156D0 /* MarvelURLBuilder.swift */ = {isa = PBXFileReference; lastKnownFileType = sourcecode.swift; path = MarvelURLBuilder.swift; sourceTree = "<group>"; };
		15ACB5D224D363B9002156D0 /* ComicBookListWorker.swift */ = {isa = PBXFileReference; lastKnownFileType = sourcecode.swift; path = ComicBookListWorker.swift; sourceTree = "<group>"; };
		15ACB5D524D364BB002156D0 /* ComicBookListResponse.swift */ = {isa = PBXFileReference; lastKnownFileType = sourcecode.swift; path = ComicBookListResponse.swift; sourceTree = "<group>"; };
		15ACB5D724D36981002156D0 /* ComicBooListResults.swift */ = {isa = PBXFileReference; lastKnownFileType = sourcecode.swift; path = ComicBooListResults.swift; sourceTree = "<group>"; };
		15ACB5D924D36A7B002156D0 /* ComicBook.swift */ = {isa = PBXFileReference; lastKnownFileType = sourcecode.swift; path = ComicBook.swift; sourceTree = "<group>"; };
		15ACB5DC24D37589002156D0 /* ComicBookCarouselView.swift */ = {isa = PBXFileReference; lastKnownFileType = sourcecode.swift; path = ComicBookCarouselView.swift; sourceTree = "<group>"; };
		15ACB5DF24D378A5002156D0 /* ComicBookCollectionViewCell.swift */ = {isa = PBXFileReference; lastKnownFileType = sourcecode.swift; path = ComicBookCollectionViewCell.swift; sourceTree = "<group>"; };
		15B12D1C24D796A7005FF023 /* CharacterListViewSection.swift */ = {isa = PBXFileReference; lastKnownFileType = sourcecode.swift; path = CharacterListViewSection.swift; sourceTree = "<group>"; };
		15B6E9FB24D0D640005F2CD2 /* Marvel.app */ = {isa = PBXFileReference; explicitFileType = wrapper.application; includeInIndex = 0; path = Marvel.app; sourceTree = BUILT_PRODUCTS_DIR; };
		15B6E9FE24D0D640005F2CD2 /* AppDelegate.swift */ = {isa = PBXFileReference; lastKnownFileType = sourcecode.swift; path = AppDelegate.swift; sourceTree = "<group>"; };
		15B6EA0024D0D640005F2CD2 /* SceneDelegate.swift */ = {isa = PBXFileReference; lastKnownFileType = sourcecode.swift; path = SceneDelegate.swift; sourceTree = "<group>"; };
		15B6EA0224D0D640005F2CD2 /* CharacterListViewController.swift */ = {isa = PBXFileReference; lastKnownFileType = sourcecode.swift; path = CharacterListViewController.swift; sourceTree = "<group>"; };
		15B6EA0524D0D640005F2CD2 /* Base */ = {isa = PBXFileReference; lastKnownFileType = file.storyboard; name = Base; path = Base.lproj/Main.storyboard; sourceTree = "<group>"; };
		15B6EA0724D0D640005F2CD2 /* Assets.xcassets */ = {isa = PBXFileReference; lastKnownFileType = folder.assetcatalog; path = Assets.xcassets; sourceTree = "<group>"; };
		15B6EA0A24D0D640005F2CD2 /* Base */ = {isa = PBXFileReference; lastKnownFileType = file.storyboard; name = Base; path = Base.lproj/LaunchScreen.storyboard; sourceTree = "<group>"; };
		15B6EA0C24D0D640005F2CD2 /* Info.plist */ = {isa = PBXFileReference; lastKnownFileType = text.plist.xml; path = Info.plist; sourceTree = "<group>"; };
		15B6EA1124D0D641005F2CD2 /* MarvelTests.xctest */ = {isa = PBXFileReference; explicitFileType = wrapper.cfbundle; includeInIndex = 0; path = MarvelTests.xctest; sourceTree = BUILT_PRODUCTS_DIR; };
		15B6EA1524D0D641005F2CD2 /* MarvelTests.swift */ = {isa = PBXFileReference; lastKnownFileType = sourcecode.swift; path = MarvelTests.swift; sourceTree = "<group>"; };
		15B6EA1724D0D641005F2CD2 /* Info.plist */ = {isa = PBXFileReference; lastKnownFileType = text.plist.xml; path = Info.plist; sourceTree = "<group>"; };
		15B6EA2324D0DD32005F2CD2 /* R.generated.swift */ = {isa = PBXFileReference; lastKnownFileType = sourcecode.swift; path = R.generated.swift; sourceTree = "<group>"; };
		15FB0EBF24D6054B00123270 /* BaseViewController.swift */ = {isa = PBXFileReference; lastKnownFileType = sourcecode.swift; path = BaseViewController.swift; sourceTree = "<group>"; };
		43A688F7B8CA997C82209E79 /* Pods-Marvel.release.xcconfig */ = {isa = PBXFileReference; includeInIndex = 1; lastKnownFileType = text.xcconfig; name = "Pods-Marvel.release.xcconfig"; path = "Target Support Files/Pods-Marvel/Pods-Marvel.release.xcconfig"; sourceTree = "<group>"; };
		8FB57ADC45AFC5AC0845B320 /* Pods_MarvelTests.framework */ = {isa = PBXFileReference; explicitFileType = wrapper.framework; includeInIndex = 0; path = Pods_MarvelTests.framework; sourceTree = BUILT_PRODUCTS_DIR; };
		AD77DA7C31CED05E6DF27017 /* Pods-MarvelTests.release.xcconfig */ = {isa = PBXFileReference; includeInIndex = 1; lastKnownFileType = text.xcconfig; name = "Pods-MarvelTests.release.xcconfig"; path = "Target Support Files/Pods-MarvelTests/Pods-MarvelTests.release.xcconfig"; sourceTree = "<group>"; };
		D087A69A482909276C41AD55 /* Pods_Marvel.framework */ = {isa = PBXFileReference; explicitFileType = wrapper.framework; includeInIndex = 0; path = Pods_Marvel.framework; sourceTree = BUILT_PRODUCTS_DIR; };
		D5311B22560EB357FE9DA926 /* Pods-MarvelTests.debug.xcconfig */ = {isa = PBXFileReference; includeInIndex = 1; lastKnownFileType = text.xcconfig; name = "Pods-MarvelTests.debug.xcconfig"; path = "Target Support Files/Pods-MarvelTests/Pods-MarvelTests.debug.xcconfig"; sourceTree = "<group>"; };
		FC235089F62B37231C1A8CB1 /* Pods-Marvel.debug.xcconfig */ = {isa = PBXFileReference; includeInIndex = 1; lastKnownFileType = text.xcconfig; name = "Pods-Marvel.debug.xcconfig"; path = "Target Support Files/Pods-Marvel/Pods-Marvel.debug.xcconfig"; sourceTree = "<group>"; };
/* End PBXFileReference section */

/* Begin PBXFrameworksBuildPhase section */
		15B6E9F824D0D640005F2CD2 /* Frameworks */ = {
			isa = PBXFrameworksBuildPhase;
			buildActionMask = 2147483647;
			files = (
				E901BA065013B52D856798B7 /* Pods_Marvel.framework in Frameworks */,
			);
			runOnlyForDeploymentPostprocessing = 0;
		};
		15B6EA0E24D0D641005F2CD2 /* Frameworks */ = {
			isa = PBXFrameworksBuildPhase;
			buildActionMask = 2147483647;
			files = (
				423B387063969EC3EB660349 /* Pods_MarvelTests.framework in Frameworks */,
			);
			runOnlyForDeploymentPostprocessing = 0;
		};
/* End PBXFrameworksBuildPhase section */

/* Begin PBXGroup section */
		1518F10324D0F9770020593B /* Networking */ = {
			isa = PBXGroup;
			children = (
				15ACB5D024D35983002156D0 /* API */,
				155B771224D1AD78005DECC3 /* Decoders */,
				1518F10424D0F99C0020593B /* Network.swift */,
				1518F10624D0F9E40020593B /* RequestData.swift */,
			);
			path = Networking;
			sourceTree = "<group>";
		};
		153AAF2124D0EA2E00EEE22E /* Source */ = {
			isa = PBXGroup;
			children = (
				159E393A24D0EDAB00744AB4 /* Features */,
				156B2F2024D10B3500643FB6 /* Model */,
				1518F10324D0F9770020593B /* Networking */,
				157A2E1624D4A72F00133F79 /* Persistence */,
				15FB0EBD24D6040B00123270 /* Shared */,
				155B771724D1B4E5005DECC3 /* Workers */,
			);
			path = Source;
			sourceTree = "<group>";
		};
		153AAF2224D0EA4400EEE22E /* Storyboards */ = {
			isa = PBXGroup;
			children = (
				15B6EA0424D0D640005F2CD2 /* Main.storyboard */,
			);
			path = Storyboards;
			sourceTree = "<group>";
		};
		155B771224D1AD78005DECC3 /* Decoders */ = {
			isa = PBXGroup;
			children = (
				155B771524D1B045005DECC3 /* DefaultDecoder.swift */,
				155B771324D1AE5F005DECC3 /* SnakeCaseDecoder.swift */,
			);
			path = Decoders;
			sourceTree = "<group>";
		};
		155B771724D1B4E5005DECC3 /* Workers */ = {
			isa = PBXGroup;
			children = (
				155B771824D1B507005DECC3 /* CharacterList */,
				15ACB5D124D35F1D002156D0 /* ComicBookList */,
			);
			path = Workers;
			sourceTree = "<group>";
		};
		155B771824D1B507005DECC3 /* CharacterList */ = {
			isa = PBXGroup;
			children = (
				155B771B24D1B581005DECC3 /* DTOs */,
				155B771924D1B51F005DECC3 /* CharacterListWorker.swift */,
			);
			path = CharacterList;
			sourceTree = "<group>";
		};
		155B771B24D1B581005DECC3 /* DTOs */ = {
			isa = PBXGroup;
			children = (
				155B771C24D1B59C005DECC3 /* CharacterListResponse.swift */,
				155B772024D1B9AD005DECC3 /* CharacterListResults.swift */,
			);
			path = DTOs;
			sourceTree = "<group>";
		};
		155B772A24D1F488005DECC3 /* Cells */ = {
			isa = PBXGroup;
			children = (
				155B772F24D1FE8E005DECC3 /* CharacterCollectionCell.swift */,
			);
			path = Cells;
			sourceTree = "<group>";
		};
		155B773324D22408005DECC3 /* Components */ = {
			isa = PBXGroup;
			children = (
				155B773424D2245B005DECC3 /* UICardView.swift */,
				157A2E1024D45E2700133F79 /* UICircularView.swift */,
				157A2E0E24D456A200133F79 /* UIHeartButton.swift */,
			);
			path = Components;
			sourceTree = "<group>";
		};
		156B2F2024D10B3500643FB6 /* Model */ = {
			isa = PBXGroup;
			children = (
				156B2F2124D10B4400643FB6 /* Character.swift */,
				15ACB5D924D36A7B002156D0 /* ComicBook.swift */,
				155B772224D1C314005DECC3 /* Thumbnail.swift */,
			);
			path = Model;
			sourceTree = "<group>";
		};
		157A2E1624D4A72F00133F79 /* Persistence */ = {
			isa = PBXGroup;
			children = (
				157A2E1724D4A74700133F79 /* Database */,
				157A2E1A24D4A78900133F79 /* PersistenceManager.swift */,
				157A2E1C24D4A81E00133F79 /* PersistenceProtocol.swift */,
			);
			path = Persistence;
			sourceTree = "<group>";
		};
		157A2E1724D4A74700133F79 /* Database */ = {
			isa = PBXGroup;
			children = (
				157A2E1824D4A75600133F79 /* Realm */,
			);
			path = Database;
			sourceTree = "<group>";
		};
		157A2E1824D4A75600133F79 /* Realm */ = {
			isa = PBXGroup;
			children = (
				157A2E1924D4A75D00133F79 /* Model */,
				157A2E1E24D4A84600133F79 /* RealmDatabase.swift */,
			);
			path = Realm;
			sourceTree = "<group>";
		};
		157A2E1924D4A75D00133F79 /* Model */ = {
			isa = PBXGroup;
			children = (
				157A2E1224D4A17700133F79 /* CharacterRealm.swift */,
				157A2E1424D4A4E200133F79 /* ThumbnailRealm.swift */,
			);
			path = Model;
			sourceTree = "<group>";
		};
		158C064524D0E96400E6A81A /* SupportFiles */ = {
			isa = PBXGroup;
			children = (
				15B6E9FE24D0D640005F2CD2 /* AppDelegate.swift */,
				15B6EA0024D0D640005F2CD2 /* SceneDelegate.swift */,
				15B6EA0C24D0D640005F2CD2 /* Info.plist */,
				15B6EA0924D0D640005F2CD2 /* LaunchScreen.storyboard */,
			);
			path = SupportFiles;
			sourceTree = "<group>";
		};
		159E393624D0ECCA00744AB4 /* Extensions */ = {
			isa = PBXGroup;
			children = (
				156B2F2324D10FAF00643FB6 /* Date+Extensions.swift */,
				159E393724D0ECDF00744AB4 /* R+Extensions.swift */,
				156B2F2524D110F300643FB6 /* String+Extensions.swift */,
				155B772D24D1F6FB005DECC3 /* UIColor+Extensions.swift */,
				155B773124D21DE5005DECC3 /* UIImageView+Extensions.swift */,
				155B772B24D1F688005DECC3 /* UIViewController+Extensions.swift */,
			);
			path = Extensions;
			sourceTree = "<group>";
		};
		159E393A24D0EDAB00744AB4 /* Features */ = {
			isa = PBXGroup;
			children = (
				15ACB5C324D30137002156D0 /* CharacterDetails */,
				159E393B24D0EDB600744AB4 /* CharacterList */,
			);
			path = Features;
			sourceTree = "<group>";
		};
		159E393B24D0EDB600744AB4 /* CharacterList */ = {
			isa = PBXGroup;
			children = (
				155B772A24D1F488005DECC3 /* Cells */,
				151C679F24D0EE5A005D0D08 /* CharacterListBuilder.swift */,
				155B772424D1D742005DECC3 /* CharacterListInteractor.swift */,
				155B772624D1D7DC005DECC3 /* CharacterListPresenter.swift */,
				155B772824D1D83C005DECC3 /* CharacterListRouter.swift */,
				15B6EA0224D0D640005F2CD2 /* CharacterListViewController.swift */,
				15B12D1C24D796A7005FF023 /* CharacterListViewSection.swift */,
			);
			path = CharacterList;
			sourceTree = "<group>";
		};
		15ACB5C324D30137002156D0 /* CharacterDetails */ = {
			isa = PBXGroup;
			children = (
				15ACB5DB24D3756B002156D0 /* Carousels */,
				15ACB5C424D30508002156D0 /* CharacterDetailsBuilder.swift */,
				15ACB5C824D30A38002156D0 /* CharacterDetailsInteractor.swift */,
				15ACB5CA24D30A8C002156D0 /* CharacterDetailsPresenter.swift */,
				15ACB5CC24D30ADE002156D0 /* CharacterDetailsRouter.swift */,
				15ACB5C624D30559002156D0 /* CharacterDetailsViewController.swift */,
			);
			path = CharacterDetails;
			sourceTree = "<group>";
		};
		15ACB5D024D35983002156D0 /* API */ = {
			isa = PBXGroup;
			children = (
				1518F10A24D0FB360020593B /* MarvelAPI.swift */,
				15ACB5CE24D34CFD002156D0 /* MarvelURLBuilder.swift */,
			);
			path = API;
			sourceTree = "<group>";
		};
		15ACB5D124D35F1D002156D0 /* ComicBookList */ = {
			isa = PBXGroup;
			children = (
				15ACB5D424D363D4002156D0 /* DTOs */,
				15ACB5D224D363B9002156D0 /* ComicBookListWorker.swift */,
			);
			path = ComicBookList;
			sourceTree = "<group>";
		};
		15ACB5D424D363D4002156D0 /* DTOs */ = {
			isa = PBXGroup;
			children = (
				15ACB5D524D364BB002156D0 /* ComicBookListResponse.swift */,
				15ACB5D724D36981002156D0 /* ComicBooListResults.swift */,
			);
			path = DTOs;
			sourceTree = "<group>";
		};
		15ACB5DB24D3756B002156D0 /* Carousels */ = {
			isa = PBXGroup;
			children = (
				15ACB5DE24D375CA002156D0 /* ComicBook */,
			);
			path = Carousels;
			sourceTree = "<group>";
		};
		15ACB5DE24D375CA002156D0 /* ComicBook */ = {
			isa = PBXGroup;
			children = (
				15ACB5DC24D37589002156D0 /* ComicBookCarouselView.swift */,
				15ACB5DF24D378A5002156D0 /* ComicBookCollectionViewCell.swift */,
			);
			path = ComicBook;
			sourceTree = "<group>";
		};
		15B6E9F224D0D640005F2CD2 = {
			isa = PBXGroup;
			children = (
				15B6E9FD24D0D640005F2CD2 /* Marvel */,
				15B6EA1424D0D641005F2CD2 /* MarvelTests */,
				15B6E9FC24D0D640005F2CD2 /* Products */,
				19C2EB976174199E1D0F7CC3 /* Pods */,
				46C26AA6E0D40E2E7E43B850 /* Frameworks */,
			);
			sourceTree = "<group>";
		};
		15B6E9FC24D0D640005F2CD2 /* Products */ = {
			isa = PBXGroup;
			children = (
				15B6E9FB24D0D640005F2CD2 /* Marvel.app */,
				15B6EA1124D0D641005F2CD2 /* MarvelTests.xctest */,
			);
			name = Products;
			sourceTree = "<group>";
		};
		15B6E9FD24D0D640005F2CD2 /* Marvel */ = {
			isa = PBXGroup;
			children = (
				15B6EA2224D0DCF6005F2CD2 /* Resources */,
				153AAF2124D0EA2E00EEE22E /* Source */,
				153AAF2224D0EA4400EEE22E /* Storyboards */,
				158C064524D0E96400E6A81A /* SupportFiles */,
			);
			path = Marvel;
			sourceTree = "<group>";
		};
		15B6EA1424D0D641005F2CD2 /* MarvelTests */ = {
			isa = PBXGroup;
			children = (
				15B6EA1524D0D641005F2CD2 /* MarvelTests.swift */,
				15B6EA1724D0D641005F2CD2 /* Info.plist */,
			);
			path = MarvelTests;
			sourceTree = "<group>";
		};
		15B6EA2224D0DCF6005F2CD2 /* Resources */ = {
			isa = PBXGroup;
			children = (
				15B6EA0724D0D640005F2CD2 /* Assets.xcassets */,
				159E393424D0EBE000744AB4 /* Localizable.strings */,
				15B6EA2324D0DD32005F2CD2 /* R.generated.swift */,
			);
			path = Resources;
			sourceTree = "<group>";
		};
		15FB0EBD24D6040B00123270 /* Shared */ = {
			isa = PBXGroup;
			children = (
				15FB0EBE24D6053800123270 /* Common */,
				155B773324D22408005DECC3 /* Components */,
				159E393624D0ECCA00744AB4 /* Extensions */,
			);
			path = Shared;
			sourceTree = "<group>";
		};
		15FB0EBE24D6053800123270 /* Common */ = {
			isa = PBXGroup;
			children = (
				15FB0EBF24D6054B00123270 /* BaseViewController.swift */,
			);
			path = Common;
			sourceTree = "<group>";
		};
		19C2EB976174199E1D0F7CC3 /* Pods */ = {
			isa = PBXGroup;
			children = (
				FC235089F62B37231C1A8CB1 /* Pods-Marvel.debug.xcconfig */,
				43A688F7B8CA997C82209E79 /* Pods-Marvel.release.xcconfig */,
				D5311B22560EB357FE9DA926 /* Pods-MarvelTests.debug.xcconfig */,
				AD77DA7C31CED05E6DF27017 /* Pods-MarvelTests.release.xcconfig */,
			);
			path = Pods;
			sourceTree = "<group>";
		};
		46C26AA6E0D40E2E7E43B850 /* Frameworks */ = {
			isa = PBXGroup;
			children = (
				D087A69A482909276C41AD55 /* Pods_Marvel.framework */,
				8FB57ADC45AFC5AC0845B320 /* Pods_MarvelTests.framework */,
			);
			name = Frameworks;
			sourceTree = "<group>";
		};
/* End PBXGroup section */

/* Begin PBXNativeTarget section */
		15B6E9FA24D0D640005F2CD2 /* Marvel */ = {
			isa = PBXNativeTarget;
			buildConfigurationList = 15B6EA1A24D0D641005F2CD2 /* Build configuration list for PBXNativeTarget "Marvel" */;
			buildPhases = (
				4D8FF6BE92E30D7E26E026DB /* [CP] Check Pods Manifest.lock */,
				15B6EA2124D0DA4D005F2CD2 /* R.swift Script */,
				15B6E9F724D0D640005F2CD2 /* Sources */,
				15B6E9F824D0D640005F2CD2 /* Frameworks */,
				15B6E9F924D0D640005F2CD2 /* Resources */,
				15B6EA2024D0D97E005F2CD2 /* Swift Lint Script */,
				B4F980DFA34DCED8947253D0 /* [CP] Embed Pods Frameworks */,
			);
			buildRules = (
			);
			dependencies = (
			);
			name = Marvel;
			productName = Marvel;
			productReference = 15B6E9FB24D0D640005F2CD2 /* Marvel.app */;
			productType = "com.apple.product-type.application";
		};
		15B6EA1024D0D641005F2CD2 /* MarvelTests */ = {
			isa = PBXNativeTarget;
			buildConfigurationList = 15B6EA1D24D0D641005F2CD2 /* Build configuration list for PBXNativeTarget "MarvelTests" */;
			buildPhases = (
				21D65601BB8FFBA99CBFC716 /* [CP] Check Pods Manifest.lock */,
				15B6EA0D24D0D641005F2CD2 /* Sources */,
				15B6EA0E24D0D641005F2CD2 /* Frameworks */,
				15B6EA0F24D0D641005F2CD2 /* Resources */,
				D3075CE4DA383AFDDFCA042B /* [CP] Embed Pods Frameworks */,
			);
			buildRules = (
			);
			dependencies = (
				15B6EA1324D0D641005F2CD2 /* PBXTargetDependency */,
			);
			name = MarvelTests;
			productName = MarvelTests;
			productReference = 15B6EA1124D0D641005F2CD2 /* MarvelTests.xctest */;
			productType = "com.apple.product-type.bundle.unit-test";
		};
/* End PBXNativeTarget section */

/* Begin PBXProject section */
		15B6E9F324D0D640005F2CD2 /* Project object */ = {
			isa = PBXProject;
			attributes = {
				LastSwiftUpdateCheck = 1160;
				LastUpgradeCheck = 1160;
				ORGANIZATIONNAME = "Ruan Reis";
				TargetAttributes = {
					15B6E9FA24D0D640005F2CD2 = {
						CreatedOnToolsVersion = 11.6;
					};
					15B6EA1024D0D641005F2CD2 = {
						CreatedOnToolsVersion = 11.6;
						TestTargetID = 15B6E9FA24D0D640005F2CD2;
					};
				};
			};
			buildConfigurationList = 15B6E9F624D0D640005F2CD2 /* Build configuration list for PBXProject "Marvel" */;
			compatibilityVersion = "Xcode 9.3";
			developmentRegion = en;
			hasScannedForEncodings = 0;
			knownRegions = (
				en,
				Base,
				"pt-BR",
			);
			mainGroup = 15B6E9F224D0D640005F2CD2;
			productRefGroup = 15B6E9FC24D0D640005F2CD2 /* Products */;
			projectDirPath = "";
			projectRoot = "";
			targets = (
				15B6E9FA24D0D640005F2CD2 /* Marvel */,
				15B6EA1024D0D641005F2CD2 /* MarvelTests */,
			);
		};
/* End PBXProject section */

/* Begin PBXResourcesBuildPhase section */
		15B6E9F924D0D640005F2CD2 /* Resources */ = {
			isa = PBXResourcesBuildPhase;
			buildActionMask = 2147483647;
			files = (
				15B6EA0B24D0D640005F2CD2 /* LaunchScreen.storyboard in Resources */,
				159E393224D0EBE000744AB4 /* Localizable.strings in Resources */,
				15B6EA0824D0D640005F2CD2 /* Assets.xcassets in Resources */,
				15B6EA0624D0D640005F2CD2 /* Main.storyboard in Resources */,
			);
			runOnlyForDeploymentPostprocessing = 0;
		};
		15B6EA0F24D0D641005F2CD2 /* Resources */ = {
			isa = PBXResourcesBuildPhase;
			buildActionMask = 2147483647;
			files = (
			);
			runOnlyForDeploymentPostprocessing = 0;
		};
/* End PBXResourcesBuildPhase section */

/* Begin PBXShellScriptBuildPhase section */
		15B6EA2024D0D97E005F2CD2 /* Swift Lint Script */ = {
			isa = PBXShellScriptBuildPhase;
			buildActionMask = 2147483647;
			files = (
			);
			inputFileListPaths = (
			);
			inputPaths = (
			);
			name = "Swift Lint Script";
			outputFileListPaths = (
			);
			outputPaths = (
			);
			runOnlyForDeploymentPostprocessing = 0;
			shellPath = /bin/sh;
			shellScript = "\"${PODS_ROOT}/SwiftLint/swiftlint\"\n";
		};
		15B6EA2124D0DA4D005F2CD2 /* R.swift Script */ = {
			isa = PBXShellScriptBuildPhase;
			buildActionMask = 2147483647;
			files = (
			);
			inputFileListPaths = (
			);
			inputPaths = (
				"$TEMP_DIR/rswift-lastrun",
			);
			name = "R.swift Script";
			outputFileListPaths = (
			);
			outputPaths = (
				$SRCROOT/Marvel/Resources/R.generated.swift,
			);
			runOnlyForDeploymentPostprocessing = 0;
			shellPath = /bin/sh;
			shellScript = "\"${PODS_ROOT}/R.swift/rswift\" generate \"${SRCROOT}/Marvel/Resources/R.generated.swift\"\n";
		};
		21D65601BB8FFBA99CBFC716 /* [CP] Check Pods Manifest.lock */ = {
			isa = PBXShellScriptBuildPhase;
			buildActionMask = 2147483647;
			files = (
			);
			inputFileListPaths = (
			);
			inputPaths = (
				"${PODS_PODFILE_DIR_PATH}/Podfile.lock",
				"${PODS_ROOT}/Manifest.lock",
			);
			name = "[CP] Check Pods Manifest.lock";
			outputFileListPaths = (
			);
			outputPaths = (
				"$(DERIVED_FILE_DIR)/Pods-MarvelTests-checkManifestLockResult.txt",
			);
			runOnlyForDeploymentPostprocessing = 0;
			shellPath = /bin/sh;
			shellScript = "diff \"${PODS_PODFILE_DIR_PATH}/Podfile.lock\" \"${PODS_ROOT}/Manifest.lock\" > /dev/null\nif [ $? != 0 ] ; then\n    # print error to STDERR\n    echo \"error: The sandbox is not in sync with the Podfile.lock. Run 'pod install' or update your CocoaPods installation.\" >&2\n    exit 1\nfi\n# This output is used by Xcode 'outputs' to avoid re-running this script phase.\necho \"SUCCESS\" > \"${SCRIPT_OUTPUT_FILE_0}\"\n";
			showEnvVarsInLog = 0;
		};
		4D8FF6BE92E30D7E26E026DB /* [CP] Check Pods Manifest.lock */ = {
			isa = PBXShellScriptBuildPhase;
			buildActionMask = 2147483647;
			files = (
			);
			inputFileListPaths = (
			);
			inputPaths = (
				"${PODS_PODFILE_DIR_PATH}/Podfile.lock",
				"${PODS_ROOT}/Manifest.lock",
			);
			name = "[CP] Check Pods Manifest.lock";
			outputFileListPaths = (
			);
			outputPaths = (
				"$(DERIVED_FILE_DIR)/Pods-Marvel-checkManifestLockResult.txt",
			);
			runOnlyForDeploymentPostprocessing = 0;
			shellPath = /bin/sh;
			shellScript = "diff \"${PODS_PODFILE_DIR_PATH}/Podfile.lock\" \"${PODS_ROOT}/Manifest.lock\" > /dev/null\nif [ $? != 0 ] ; then\n    # print error to STDERR\n    echo \"error: The sandbox is not in sync with the Podfile.lock. Run 'pod install' or update your CocoaPods installation.\" >&2\n    exit 1\nfi\n# This output is used by Xcode 'outputs' to avoid re-running this script phase.\necho \"SUCCESS\" > \"${SCRIPT_OUTPUT_FILE_0}\"\n";
			showEnvVarsInLog = 0;
		};
		B4F980DFA34DCED8947253D0 /* [CP] Embed Pods Frameworks */ = {
			isa = PBXShellScriptBuildPhase;
			buildActionMask = 2147483647;
			files = (
			);
			inputFileListPaths = (
				"${PODS_ROOT}/Target Support Files/Pods-Marvel/Pods-Marvel-frameworks-${CONFIGURATION}-input-files.xcfilelist",
			);
			name = "[CP] Embed Pods Frameworks";
			outputFileListPaths = (
				"${PODS_ROOT}/Target Support Files/Pods-Marvel/Pods-Marvel-frameworks-${CONFIGURATION}-output-files.xcfilelist",
			);
			runOnlyForDeploymentPostprocessing = 0;
			shellPath = /bin/sh;
			shellScript = "\"${PODS_ROOT}/Target Support Files/Pods-Marvel/Pods-Marvel-frameworks.sh\"\n";
			showEnvVarsInLog = 0;
		};
		D3075CE4DA383AFDDFCA042B /* [CP] Embed Pods Frameworks */ = {
			isa = PBXShellScriptBuildPhase;
			buildActionMask = 2147483647;
			files = (
			);
			inputFileListPaths = (
				"${PODS_ROOT}/Target Support Files/Pods-MarvelTests/Pods-MarvelTests-frameworks-${CONFIGURATION}-input-files.xcfilelist",
			);
			name = "[CP] Embed Pods Frameworks";
			outputFileListPaths = (
				"${PODS_ROOT}/Target Support Files/Pods-MarvelTests/Pods-MarvelTests-frameworks-${CONFIGURATION}-output-files.xcfilelist",
			);
			runOnlyForDeploymentPostprocessing = 0;
			shellPath = /bin/sh;
			shellScript = "\"${PODS_ROOT}/Target Support Files/Pods-MarvelTests/Pods-MarvelTests-frameworks.sh\"\n";
			showEnvVarsInLog = 0;
		};
/* End PBXShellScriptBuildPhase section */

/* Begin PBXSourcesBuildPhase section */
		15B6E9F724D0D640005F2CD2 /* Sources */ = {
			isa = PBXSourcesBuildPhase;
			buildActionMask = 2147483647;
			files = (
				155B773024D1FE8E005DECC3 /* CharacterCollectionCell.swift in Sources */,
				15B6EA0324D0D640005F2CD2 /* CharacterListViewController.swift in Sources */,
				15B6E9FF24D0D640005F2CD2 /* AppDelegate.swift in Sources */,
				15FB0EC024D6054B00123270 /* BaseViewController.swift in Sources */,
				15B6EA0124D0D640005F2CD2 /* SceneDelegate.swift in Sources */,
				15ACB5C924D30A38002156D0 /* CharacterDetailsInteractor.swift in Sources */,
				157A2E1F24D4A84600133F79 /* RealmDatabase.swift in Sources */,
				155B772924D1D83C005DECC3 /* CharacterListRouter.swift in Sources */,
				156B2F2424D10FAF00643FB6 /* Date+Extensions.swift in Sources */,
				156B2F2224D10B4400643FB6 /* Character.swift in Sources */,
				157A2E1B24D4A78900133F79 /* PersistenceManager.swift in Sources */,
				155B772C24D1F688005DECC3 /* UIViewController+Extensions.swift in Sources */,
				15ACB5E024D378A5002156D0 /* ComicBookCollectionViewCell.swift in Sources */,
				151C67A024D0EE5A005D0D08 /* CharacterListBuilder.swift in Sources */,
				156B2F2624D110F300643FB6 /* String+Extensions.swift in Sources */,
				155B773224D21DE5005DECC3 /* UIImageView+Extensions.swift in Sources */,
				15ACB5DA24D36A7B002156D0 /* ComicBook.swift in Sources */,
				155B772524D1D742005DECC3 /* CharacterListInteractor.swift in Sources */,
				157A2E1D24D4A81E00133F79 /* PersistenceProtocol.swift in Sources */,
				15ACB5D624D364BB002156D0 /* ComicBookListResponse.swift in Sources */,
				15ACB5D824D36981002156D0 /* ComicBooListResults.swift in Sources */,
				15ACB5C524D30508002156D0 /* CharacterDetailsBuilder.swift in Sources */,
				1518F10B24D0FB360020593B /* MarvelAPI.swift in Sources */,
				15ACB5D324D363B9002156D0 /* ComicBookListWorker.swift in Sources */,
				155B772124D1B9AD005DECC3 /* CharacterListResults.swift in Sources */,
				157A2E1124D45E2700133F79 /* UICircularView.swift in Sources */,
				157A2E1524D4A4E200133F79 /* ThumbnailRealm.swift in Sources */,
				155B771624D1B045005DECC3 /* DefaultDecoder.swift in Sources */,
				15ACB5CB24D30A8C002156D0 /* CharacterDetailsPresenter.swift in Sources */,
				15B6EA2424D0DD32005F2CD2 /* R.generated.swift in Sources */,
				1518F10524D0F99C0020593B /* Network.swift in Sources */,
				159E393824D0ECDF00744AB4 /* R+Extensions.swift in Sources */,
				155B771424D1AE5F005DECC3 /* SnakeCaseDecoder.swift in Sources */,
				155B772324D1C314005DECC3 /* Thumbnail.swift in Sources */,
				15ACB5C724D30559002156D0 /* CharacterDetailsViewController.swift in Sources */,
				155B773524D2245B005DECC3 /* UICardView.swift in Sources */,
				157A2E1324D4A17700133F79 /* CharacterRealm.swift in Sources */,
				15ACB5CD24D30ADE002156D0 /* CharacterDetailsRouter.swift in Sources */,
				155B772724D1D7DC005DECC3 /* CharacterListPresenter.swift in Sources */,
				15ACB5CF24D34CFD002156D0 /* MarvelURLBuilder.swift in Sources */,
				1518F10724D0F9E40020593B /* RequestData.swift in Sources */,
				155B771D24D1B59C005DECC3 /* CharacterListResponse.swift in Sources */,
				155B772E24D1F6FB005DECC3 /* UIColor+Extensions.swift in Sources */,
				15B12D1D24D796A7005FF023 /* CharacterListViewSection.swift in Sources */,
				155B771A24D1B51F005DECC3 /* CharacterListWorker.swift in Sources */,
				157A2E0F24D456A200133F79 /* UIHeartButton.swift in Sources */,
				15ACB5DD24D37589002156D0 /* ComicBookCarouselView.swift in Sources */,
			);
			runOnlyForDeploymentPostprocessing = 0;
		};
		15B6EA0D24D0D641005F2CD2 /* Sources */ = {
			isa = PBXSourcesBuildPhase;
			buildActionMask = 2147483647;
			files = (
				15B6EA1624D0D641005F2CD2 /* MarvelTests.swift in Sources */,
			);
			runOnlyForDeploymentPostprocessing = 0;
		};
/* End PBXSourcesBuildPhase section */

/* Begin PBXTargetDependency section */
		15B6EA1324D0D641005F2CD2 /* PBXTargetDependency */ = {
			isa = PBXTargetDependency;
			target = 15B6E9FA24D0D640005F2CD2 /* Marvel */;
			targetProxy = 15B6EA1224D0D641005F2CD2 /* PBXContainerItemProxy */;
		};
/* End PBXTargetDependency section */

/* Begin PBXVariantGroup section */
		159E393424D0EBE000744AB4 /* Localizable.strings */ = {
			isa = PBXVariantGroup;
			children = (
				159E393324D0EBE000744AB4 /* en */,
				159E393524D0EBF500744AB4 /* pt-BR */,
			);
			name = Localizable.strings;
			sourceTree = "<group>";
		};
		15B6EA0424D0D640005F2CD2 /* Main.storyboard */ = {
			isa = PBXVariantGroup;
			children = (
				15B6EA0524D0D640005F2CD2 /* Base */,
			);
			name = Main.storyboard;
			sourceTree = "<group>";
		};
		15B6EA0924D0D640005F2CD2 /* LaunchScreen.storyboard */ = {
			isa = PBXVariantGroup;
			children = (
				15B6EA0A24D0D640005F2CD2 /* Base */,
			);
			name = LaunchScreen.storyboard;
			sourceTree = "<group>";
		};
/* End PBXVariantGroup section */

/* Begin XCBuildConfiguration section */
		15B6EA1824D0D641005F2CD2 /* Debug */ = {
			isa = XCBuildConfiguration;
			buildSettings = {
				ALWAYS_EMBED_SWIFT_STANDARD_LIBRARIES = YES;
				ALWAYS_SEARCH_USER_PATHS = NO;
				CLANG_ANALYZER_LOCALIZABILITY_NONLOCALIZED = YES;
				CLANG_ANALYZER_NONNULL = YES;
				CLANG_ANALYZER_NUMBER_OBJECT_CONVERSION = YES_AGGRESSIVE;
				CLANG_CXX_LANGUAGE_STANDARD = "gnu++14";
				CLANG_CXX_LIBRARY = "libc++";
				CLANG_ENABLE_MODULES = YES;
				CLANG_ENABLE_OBJC_ARC = YES;
				CLANG_ENABLE_OBJC_WEAK = YES;
				CLANG_WARN_BLOCK_CAPTURE_AUTORELEASING = YES;
				CLANG_WARN_BOOL_CONVERSION = YES;
				CLANG_WARN_COMMA = YES;
				CLANG_WARN_CONSTANT_CONVERSION = YES;
				CLANG_WARN_DEPRECATED_OBJC_IMPLEMENTATIONS = YES;
				CLANG_WARN_DIRECT_OBJC_ISA_USAGE = YES_ERROR;
				CLANG_WARN_DOCUMENTATION_COMMENTS = YES;
				CLANG_WARN_EMPTY_BODY = YES;
				CLANG_WARN_ENUM_CONVERSION = YES;
				CLANG_WARN_INFINITE_RECURSION = YES;
				CLANG_WARN_INT_CONVERSION = YES;
				CLANG_WARN_NON_LITERAL_NULL_CONVERSION = YES;
				CLANG_WARN_OBJC_IMPLICIT_RETAIN_SELF = YES;
				CLANG_WARN_OBJC_LITERAL_CONVERSION = YES;
				CLANG_WARN_OBJC_ROOT_CLASS = YES_ERROR;
				CLANG_WARN_RANGE_LOOP_ANALYSIS = YES;
				CLANG_WARN_STRICT_PROTOTYPES = YES;
				CLANG_WARN_SUSPICIOUS_MOVE = YES;
				CLANG_WARN_UNGUARDED_AVAILABILITY = YES_AGGRESSIVE;
				CLANG_WARN_UNREACHABLE_CODE = YES;
				CLANG_WARN__DUPLICATE_METHOD_MATCH = YES;
				COPY_PHASE_STRIP = NO;
				DEBUG_INFORMATION_FORMAT = dwarf;
				ENABLE_STRICT_OBJC_MSGSEND = YES;
				ENABLE_TESTABILITY = YES;
				GCC_C_LANGUAGE_STANDARD = gnu11;
				GCC_DYNAMIC_NO_PIC = NO;
				GCC_NO_COMMON_BLOCKS = YES;
				GCC_OPTIMIZATION_LEVEL = 0;
				GCC_PREPROCESSOR_DEFINITIONS = (
					"DEBUG=1",
					"$(inherited)",
				);
				GCC_WARN_64_TO_32_BIT_CONVERSION = YES;
				GCC_WARN_ABOUT_RETURN_TYPE = YES_ERROR;
				GCC_WARN_UNDECLARED_SELECTOR = YES;
				GCC_WARN_UNINITIALIZED_AUTOS = YES_AGGRESSIVE;
				GCC_WARN_UNUSED_FUNCTION = YES;
				GCC_WARN_UNUSED_VARIABLE = YES;
				IPHONEOS_DEPLOYMENT_TARGET = 13.6;
				MTL_ENABLE_DEBUG_INFO = INCLUDE_SOURCE;
				MTL_FAST_MATH = YES;
				ONLY_ACTIVE_ARCH = YES;
				SDKROOT = iphoneos;
				SWIFT_ACTIVE_COMPILATION_CONDITIONS = DEBUG;
				SWIFT_OPTIMIZATION_LEVEL = "-Onone";
			};
			name = Debug;
		};
		15B6EA1924D0D641005F2CD2 /* Release */ = {
			isa = XCBuildConfiguration;
			buildSettings = {
				ALWAYS_EMBED_SWIFT_STANDARD_LIBRARIES = YES;
				ALWAYS_SEARCH_USER_PATHS = NO;
				CLANG_ANALYZER_LOCALIZABILITY_NONLOCALIZED = YES;
				CLANG_ANALYZER_NONNULL = YES;
				CLANG_ANALYZER_NUMBER_OBJECT_CONVERSION = YES_AGGRESSIVE;
				CLANG_CXX_LANGUAGE_STANDARD = "gnu++14";
				CLANG_CXX_LIBRARY = "libc++";
				CLANG_ENABLE_MODULES = YES;
				CLANG_ENABLE_OBJC_ARC = YES;
				CLANG_ENABLE_OBJC_WEAK = YES;
				CLANG_WARN_BLOCK_CAPTURE_AUTORELEASING = YES;
				CLANG_WARN_BOOL_CONVERSION = YES;
				CLANG_WARN_COMMA = YES;
				CLANG_WARN_CONSTANT_CONVERSION = YES;
				CLANG_WARN_DEPRECATED_OBJC_IMPLEMENTATIONS = YES;
				CLANG_WARN_DIRECT_OBJC_ISA_USAGE = YES_ERROR;
				CLANG_WARN_DOCUMENTATION_COMMENTS = YES;
				CLANG_WARN_EMPTY_BODY = YES;
				CLANG_WARN_ENUM_CONVERSION = YES;
				CLANG_WARN_INFINITE_RECURSION = YES;
				CLANG_WARN_INT_CONVERSION = YES;
				CLANG_WARN_NON_LITERAL_NULL_CONVERSION = YES;
				CLANG_WARN_OBJC_IMPLICIT_RETAIN_SELF = YES;
				CLANG_WARN_OBJC_LITERAL_CONVERSION = YES;
				CLANG_WARN_OBJC_ROOT_CLASS = YES_ERROR;
				CLANG_WARN_RANGE_LOOP_ANALYSIS = YES;
				CLANG_WARN_STRICT_PROTOTYPES = YES;
				CLANG_WARN_SUSPICIOUS_MOVE = YES;
				CLANG_WARN_UNGUARDED_AVAILABILITY = YES_AGGRESSIVE;
				CLANG_WARN_UNREACHABLE_CODE = YES;
				CLANG_WARN__DUPLICATE_METHOD_MATCH = YES;
				COPY_PHASE_STRIP = NO;
				DEBUG_INFORMATION_FORMAT = "dwarf-with-dsym";
				ENABLE_NS_ASSERTIONS = NO;
				ENABLE_STRICT_OBJC_MSGSEND = YES;
				GCC_C_LANGUAGE_STANDARD = gnu11;
				GCC_NO_COMMON_BLOCKS = YES;
				GCC_WARN_64_TO_32_BIT_CONVERSION = YES;
				GCC_WARN_ABOUT_RETURN_TYPE = YES_ERROR;
				GCC_WARN_UNDECLARED_SELECTOR = YES;
				GCC_WARN_UNINITIALIZED_AUTOS = YES_AGGRESSIVE;
				GCC_WARN_UNUSED_FUNCTION = YES;
				GCC_WARN_UNUSED_VARIABLE = YES;
				IPHONEOS_DEPLOYMENT_TARGET = 13.6;
				MTL_ENABLE_DEBUG_INFO = NO;
				MTL_FAST_MATH = YES;
				SDKROOT = iphoneos;
				SWIFT_COMPILATION_MODE = wholemodule;
				SWIFT_OPTIMIZATION_LEVEL = "-O";
				VALIDATE_PRODUCT = YES;
			};
			name = Release;
		};
		15B6EA1B24D0D641005F2CD2 /* Debug */ = {
			isa = XCBuildConfiguration;
			baseConfigurationReference = FC235089F62B37231C1A8CB1 /* Pods-Marvel.debug.xcconfig */;
			buildSettings = {
				ALWAYS_EMBED_SWIFT_STANDARD_LIBRARIES = "$(inherited)";
				ASSETCATALOG_COMPILER_APPICON_NAME = AppIcon;
				CODE_SIGN_STYLE = Automatic;
				INFOPLIST_FILE = "$(SRCROOT)/Marvel/SupportFiles/Info.plist";
				LD_RUNPATH_SEARCH_PATHS = (
					"$(inherited)",
					"@executable_path/Frameworks",
				);
				PRODUCT_BUNDLE_IDENTIFIER = com.ruanvictorreis.Marvel;
				PRODUCT_NAME = "$(TARGET_NAME)";
				SWIFT_VERSION = 5.0;
				TARGETED_DEVICE_FAMILY = "1,2";
			};
			name = Debug;
		};
		15B6EA1C24D0D641005F2CD2 /* Release */ = {
			isa = XCBuildConfiguration;
			baseConfigurationReference = 43A688F7B8CA997C82209E79 /* Pods-Marvel.release.xcconfig */;
			buildSettings = {
				ALWAYS_EMBED_SWIFT_STANDARD_LIBRARIES = "$(inherited)";
				ASSETCATALOG_COMPILER_APPICON_NAME = AppIcon;
				CODE_SIGN_STYLE = Automatic;
				INFOPLIST_FILE = "$(SRCROOT)/Marvel/SupportFiles/Info.plist";
				LD_RUNPATH_SEARCH_PATHS = (
					"$(inherited)",
					"@executable_path/Frameworks",
				);
				PRODUCT_BUNDLE_IDENTIFIER = com.ruanvictorreis.Marvel;
				PRODUCT_NAME = "$(TARGET_NAME)";
				SWIFT_VERSION = 5.0;
				TARGETED_DEVICE_FAMILY = "1,2";
			};
			name = Release;
		};
		15B6EA1E24D0D641005F2CD2 /* Debug */ = {
			isa = XCBuildConfiguration;
			baseConfigurationReference = D5311B22560EB357FE9DA926 /* Pods-MarvelTests.debug.xcconfig */;
			buildSettings = {
				ALWAYS_EMBED_SWIFT_STANDARD_LIBRARIES = "$(inherited)";
				BUNDLE_LOADER = "$(TEST_HOST)";
				CODE_SIGN_STYLE = Automatic;
				INFOPLIST_FILE = MarvelTests/Info.plist;
				IPHONEOS_DEPLOYMENT_TARGET = 13.6;
				LD_RUNPATH_SEARCH_PATHS = (
					"$(inherited)",
					"@executable_path/Frameworks",
					"@loader_path/Frameworks",
				);
				PRODUCT_BUNDLE_IDENTIFIER = com.ruanvictorreis.MarvelTests;
				PRODUCT_NAME = "$(TARGET_NAME)";
				SWIFT_VERSION = 5.0;
				TARGETED_DEVICE_FAMILY = "1,2";
				TEST_HOST = "$(BUILT_PRODUCTS_DIR)/Marvel.app/Marvel";
			};
			name = Debug;
		};
		15B6EA1F24D0D641005F2CD2 /* Release */ = {
			isa = XCBuildConfiguration;
			baseConfigurationReference = AD77DA7C31CED05E6DF27017 /* Pods-MarvelTests.release.xcconfig */;
			buildSettings = {
				ALWAYS_EMBED_SWIFT_STANDARD_LIBRARIES = "$(inherited)";
				BUNDLE_LOADER = "$(TEST_HOST)";
				CODE_SIGN_STYLE = Automatic;
				INFOPLIST_FILE = MarvelTests/Info.plist;
				IPHONEOS_DEPLOYMENT_TARGET = 13.6;
				LD_RUNPATH_SEARCH_PATHS = (
					"$(inherited)",
					"@executable_path/Frameworks",
					"@loader_path/Frameworks",
				);
				PRODUCT_BUNDLE_IDENTIFIER = com.ruanvictorreis.MarvelTests;
				PRODUCT_NAME = "$(TARGET_NAME)";
				SWIFT_VERSION = 5.0;
				TARGETED_DEVICE_FAMILY = "1,2";
				TEST_HOST = "$(BUILT_PRODUCTS_DIR)/Marvel.app/Marvel";
			};
			name = Release;
		};
/* End XCBuildConfiguration section */

/* Begin XCConfigurationList section */
		15B6E9F624D0D640005F2CD2 /* Build configuration list for PBXProject "Marvel" */ = {
			isa = XCConfigurationList;
			buildConfigurations = (
				15B6EA1824D0D641005F2CD2 /* Debug */,
				15B6EA1924D0D641005F2CD2 /* Release */,
			);
			defaultConfigurationIsVisible = 0;
			defaultConfigurationName = Release;
		};
		15B6EA1A24D0D641005F2CD2 /* Build configuration list for PBXNativeTarget "Marvel" */ = {
			isa = XCConfigurationList;
			buildConfigurations = (
				15B6EA1B24D0D641005F2CD2 /* Debug */,
				15B6EA1C24D0D641005F2CD2 /* Release */,
			);
			defaultConfigurationIsVisible = 0;
			defaultConfigurationName = Release;
		};
		15B6EA1D24D0D641005F2CD2 /* Build configuration list for PBXNativeTarget "MarvelTests" */ = {
			isa = XCConfigurationList;
			buildConfigurations = (
				15B6EA1E24D0D641005F2CD2 /* Debug */,
				15B6EA1F24D0D641005F2CD2 /* Release */,
			);
			defaultConfigurationIsVisible = 0;
			defaultConfigurationName = Release;
		};
/* End XCConfigurationList section */
	};
	rootObject = 15B6E9F324D0D640005F2CD2 /* Project object */;
}
