// !$*UTF8*$!
{
	archiveVersion = 1;
	classes = {
	};
	objectVersion = 50;
	objects = {

/* Begin PBXBuildFile section */
		0C9502910C94B8A5C329029A /* Pods_Marvel.framework in Frameworks */ = {isa = PBXBuildFile; fileRef = 5E044C60AB90A60623B831F8 /* Pods_Marvel.framework */; };
		15B6E9FF24D0D640005F2CD2 /* AppDelegate.swift in Sources */ = {isa = PBXBuildFile; fileRef = 15B6E9FE24D0D640005F2CD2 /* AppDelegate.swift */; };
		15B6EA0124D0D640005F2CD2 /* SceneDelegate.swift in Sources */ = {isa = PBXBuildFile; fileRef = 15B6EA0024D0D640005F2CD2 /* SceneDelegate.swift */; };
		15B6EA0324D0D640005F2CD2 /* ViewController.swift in Sources */ = {isa = PBXBuildFile; fileRef = 15B6EA0224D0D640005F2CD2 /* ViewController.swift */; };
		15B6EA0624D0D640005F2CD2 /* Main.storyboard in Resources */ = {isa = PBXBuildFile; fileRef = 15B6EA0424D0D640005F2CD2 /* Main.storyboard */; };
		15B6EA0824D0D640005F2CD2 /* Assets.xcassets in Resources */ = {isa = PBXBuildFile; fileRef = 15B6EA0724D0D640005F2CD2 /* Assets.xcassets */; };
		15B6EA0B24D0D640005F2CD2 /* LaunchScreen.storyboard in Resources */ = {isa = PBXBuildFile; fileRef = 15B6EA0924D0D640005F2CD2 /* LaunchScreen.storyboard */; };
		15B6EA1624D0D641005F2CD2 /* MarvelTests.swift in Sources */ = {isa = PBXBuildFile; fileRef = 15B6EA1524D0D641005F2CD2 /* MarvelTests.swift */; };
		7AC7D410DC02A7011059FD6F /* Pods_MarvelTests.framework in Frameworks */ = {isa = PBXBuildFile; fileRef = BD8362C87C5D8AEF5EE447FE /* Pods_MarvelTests.framework */; };
/* End PBXBuildFile section */

/* Begin PBXContainerItemProxy section */
		15B6EA1224D0D641005F2CD2 /* PBXContainerItemProxy */ = {
			isa = PBXContainerItemProxy;
			containerPortal = 15B6E9F324D0D640005F2CD2 /* Project object */;
			proxyType = 1;
			remoteGlobalIDString = 15B6E9FA24D0D640005F2CD2;
			remoteInfo = Marvel;
		};
/* End PBXContainerItemProxy section */

/* Begin PBXFileReference section */
		15B6E9FB24D0D640005F2CD2 /* Marvel.app */ = {isa = PBXFileReference; explicitFileType = wrapper.application; includeInIndex = 0; path = Marvel.app; sourceTree = BUILT_PRODUCTS_DIR; };
		15B6E9FE24D0D640005F2CD2 /* AppDelegate.swift */ = {isa = PBXFileReference; lastKnownFileType = sourcecode.swift; path = AppDelegate.swift; sourceTree = "<group>"; };
		15B6EA0024D0D640005F2CD2 /* SceneDelegate.swift */ = {isa = PBXFileReference; lastKnownFileType = sourcecode.swift; path = SceneDelegate.swift; sourceTree = "<group>"; };
		15B6EA0224D0D640005F2CD2 /* ViewController.swift */ = {isa = PBXFileReference; lastKnownFileType = sourcecode.swift; path = ViewController.swift; sourceTree = "<group>"; };
		15B6EA0524D0D640005F2CD2 /* Base */ = {isa = PBXFileReference; lastKnownFileType = file.storyboard; name = Base; path = Base.lproj/Main.storyboard; sourceTree = "<group>"; };
		15B6EA0724D0D640005F2CD2 /* Assets.xcassets */ = {isa = PBXFileReference; lastKnownFileType = folder.assetcatalog; path = Assets.xcassets; sourceTree = "<group>"; };
		15B6EA0A24D0D640005F2CD2 /* Base */ = {isa = PBXFileReference; lastKnownFileType = file.storyboard; name = Base; path = Base.lproj/LaunchScreen.storyboard; sourceTree = "<group>"; };
		15B6EA0C24D0D640005F2CD2 /* Info.plist */ = {isa = PBXFileReference; lastKnownFileType = text.plist.xml; path = Info.plist; sourceTree = "<group>"; };
		15B6EA1124D0D641005F2CD2 /* MarvelTests.xctest */ = {isa = PBXFileReference; explicitFileType = wrapper.cfbundle; includeInIndex = 0; path = MarvelTests.xctest; sourceTree = BUILT_PRODUCTS_DIR; };
		15B6EA1524D0D641005F2CD2 /* MarvelTests.swift */ = {isa = PBXFileReference; lastKnownFileType = sourcecode.swift; path = MarvelTests.swift; sourceTree = "<group>"; };
		15B6EA1724D0D641005F2CD2 /* Info.plist */ = {isa = PBXFileReference; lastKnownFileType = text.plist.xml; path = Info.plist; sourceTree = "<group>"; };
		431F4551FE95D386218AA4F2 /* Pods-MarvelTests.release.xcconfig */ = {isa = PBXFileReference; includeInIndex = 1; lastKnownFileType = text.xcconfig; name = "Pods-MarvelTests.release.xcconfig"; path = "Target Support Files/Pods-MarvelTests/Pods-MarvelTests.release.xcconfig"; sourceTree = "<group>"; };
		57C2C385B99C2FBF0C07E9D4 /* Pods-MarvelTests.debug.xcconfig */ = {isa = PBXFileReference; includeInIndex = 1; lastKnownFileType = text.xcconfig; name = "Pods-MarvelTests.debug.xcconfig"; path = "Target Support Files/Pods-MarvelTests/Pods-MarvelTests.debug.xcconfig"; sourceTree = "<group>"; };
		58E17F89A732F38BD3B856FF /* Pods-Marvel.debug.xcconfig */ = {isa = PBXFileReference; includeInIndex = 1; lastKnownFileType = text.xcconfig; name = "Pods-Marvel.debug.xcconfig"; path = "Target Support Files/Pods-Marvel/Pods-Marvel.debug.xcconfig"; sourceTree = "<group>"; };
		5E044C60AB90A60623B831F8 /* Pods_Marvel.framework */ = {isa = PBXFileReference; explicitFileType = wrapper.framework; includeInIndex = 0; path = Pods_Marvel.framework; sourceTree = BUILT_PRODUCTS_DIR; };
		7E2BB13C856951D7E3ABF752 /* Pods-Marvel.release.xcconfig */ = {isa = PBXFileReference; includeInIndex = 1; lastKnownFileType = text.xcconfig; name = "Pods-Marvel.release.xcconfig"; path = "Target Support Files/Pods-Marvel/Pods-Marvel.release.xcconfig"; sourceTree = "<group>"; };
		BD8362C87C5D8AEF5EE447FE /* Pods_MarvelTests.framework */ = {isa = PBXFileReference; explicitFileType = wrapper.framework; includeInIndex = 0; path = Pods_MarvelTests.framework; sourceTree = BUILT_PRODUCTS_DIR; };
/* End PBXFileReference section */

/* Begin PBXFrameworksBuildPhase section */
		15B6E9F824D0D640005F2CD2 /* Frameworks */ = {
			isa = PBXFrameworksBuildPhase;
			buildActionMask = 2147483647;
			files = (
				0C9502910C94B8A5C329029A /* Pods_Marvel.framework in Frameworks */,
			);
			runOnlyForDeploymentPostprocessing = 0;
		};
		15B6EA0E24D0D641005F2CD2 /* Frameworks */ = {
			isa = PBXFrameworksBuildPhase;
			buildActionMask = 2147483647;
			files = (
				7AC7D410DC02A7011059FD6F /* Pods_MarvelTests.framework in Frameworks */,
			);
			runOnlyForDeploymentPostprocessing = 0;
		};
/* End PBXFrameworksBuildPhase section */

/* Begin PBXGroup section */
		15B6E9F224D0D640005F2CD2 = {
			isa = PBXGroup;
			children = (
				15B6E9FD24D0D640005F2CD2 /* Marvel */,
				15B6EA1424D0D641005F2CD2 /* MarvelTests */,
				15B6E9FC24D0D640005F2CD2 /* Products */,
				B71421BC8A43109987DA7FBE /* Pods */,
				83F561FDA3089D3BDC863914 /* Frameworks */,
			);
			sourceTree = "<group>";
		};
		15B6E9FC24D0D640005F2CD2 /* Products */ = {
			isa = PBXGroup;
			children = (
				15B6E9FB24D0D640005F2CD2 /* Marvel.app */,
				15B6EA1124D0D641005F2CD2 /* MarvelTests.xctest */,
			);
			name = Products;
			sourceTree = "<group>";
		};
		15B6E9FD24D0D640005F2CD2 /* Marvel */ = {
			isa = PBXGroup;
			children = (
				15B6E9FE24D0D640005F2CD2 /* AppDelegate.swift */,
				15B6EA0024D0D640005F2CD2 /* SceneDelegate.swift */,
				15B6EA0224D0D640005F2CD2 /* ViewController.swift */,
				15B6EA0424D0D640005F2CD2 /* Main.storyboard */,
				15B6EA0724D0D640005F2CD2 /* Assets.xcassets */,
				15B6EA0924D0D640005F2CD2 /* LaunchScreen.storyboard */,
				15B6EA0C24D0D640005F2CD2 /* Info.plist */,
			);
			path = Marvel;
			sourceTree = "<group>";
		};
		15B6EA1424D0D641005F2CD2 /* MarvelTests */ = {
			isa = PBXGroup;
			children = (
				15B6EA1524D0D641005F2CD2 /* MarvelTests.swift */,
				15B6EA1724D0D641005F2CD2 /* Info.plist */,
			);
			path = MarvelTests;
			sourceTree = "<group>";
		};
		83F561FDA3089D3BDC863914 /* Frameworks */ = {
			isa = PBXGroup;
			children = (
				5E044C60AB90A60623B831F8 /* Pods_Marvel.framework */,
				BD8362C87C5D8AEF5EE447FE /* Pods_MarvelTests.framework */,
			);
			name = Frameworks;
			sourceTree = "<group>";
		};
		B71421BC8A43109987DA7FBE /* Pods */ = {
			isa = PBXGroup;
			children = (
				58E17F89A732F38BD3B856FF /* Pods-Marvel.debug.xcconfig */,
				7E2BB13C856951D7E3ABF752 /* Pods-Marvel.release.xcconfig */,
				57C2C385B99C2FBF0C07E9D4 /* Pods-MarvelTests.debug.xcconfig */,
				431F4551FE95D386218AA4F2 /* Pods-MarvelTests.release.xcconfig */,
			);
			name = Pods;
			path = Pods;
			sourceTree = "<group>";
		};
/* End PBXGroup section */

/* Begin PBXNativeTarget section */
		15B6E9FA24D0D640005F2CD2 /* Marvel */ = {
			isa = PBXNativeTarget;
			buildConfigurationList = 15B6EA1A24D0D641005F2CD2 /* Build configuration list for PBXNativeTarget "Marvel" */;
			buildPhases = (
				8F42AFC237BAE89339248097 /* [CP] Check Pods Manifest.lock */,
				15B6E9F724D0D640005F2CD2 /* Sources */,
				15B6E9F824D0D640005F2CD2 /* Frameworks */,
				15B6E9F924D0D640005F2CD2 /* Resources */,
			);
			buildRules = (
			);
			dependencies = (
			);
			name = Marvel;
			productName = Marvel;
			productReference = 15B6E9FB24D0D640005F2CD2 /* Marvel.app */;
			productType = "com.apple.product-type.application";
		};
		15B6EA1024D0D641005F2CD2 /* MarvelTests */ = {
			isa = PBXNativeTarget;
			buildConfigurationList = 15B6EA1D24D0D641005F2CD2 /* Build configuration list for PBXNativeTarget "MarvelTests" */;
			buildPhases = (
				17158242AB249AFBFCD146C2 /* [CP] Check Pods Manifest.lock */,
				15B6EA0D24D0D641005F2CD2 /* Sources */,
				15B6EA0E24D0D641005F2CD2 /* Frameworks */,
				15B6EA0F24D0D641005F2CD2 /* Resources */,
			);
			buildRules = (
			);
			dependencies = (
				15B6EA1324D0D641005F2CD2 /* PBXTargetDependency */,
			);
			name = MarvelTests;
			productName = MarvelTests;
			productReference = 15B6EA1124D0D641005F2CD2 /* MarvelTests.xctest */;
			productType = "com.apple.product-type.bundle.unit-test";
		};
/* End PBXNativeTarget section */

/* Begin PBXProject section */
		15B6E9F324D0D640005F2CD2 /* Project object */ = {
			isa = PBXProject;
			attributes = {
				LastSwiftUpdateCheck = 1160;
				LastUpgradeCheck = 1160;
				ORGANIZATIONNAME = "Ruan Reis";
				TargetAttributes = {
					15B6E9FA24D0D640005F2CD2 = {
						CreatedOnToolsVersion = 11.6;
					};
					15B6EA1024D0D641005F2CD2 = {
						CreatedOnToolsVersion = 11.6;
						TestTargetID = 15B6E9FA24D0D640005F2CD2;
					};
				};
			};
			buildConfigurationList = 15B6E9F624D0D640005F2CD2 /* Build configuration list for PBXProject "Marvel" */;
			compatibilityVersion = "Xcode 9.3";
			developmentRegion = en;
			hasScannedForEncodings = 0;
			knownRegions = (
				en,
				Base,
			);
			mainGroup = 15B6E9F224D0D640005F2CD2;
			productRefGroup = 15B6E9FC24D0D640005F2CD2 /* Products */;
			projectDirPath = "";
			projectRoot = "";
			targets = (
				15B6E9FA24D0D640005F2CD2 /* Marvel */,
				15B6EA1024D0D641005F2CD2 /* MarvelTests */,
			);
		};
/* End PBXProject section */

/* Begin PBXResourcesBuildPhase section */
		15B6E9F924D0D640005F2CD2 /* Resources */ = {
			isa = PBXResourcesBuildPhase;
			buildActionMask = 2147483647;
			files = (
				15B6EA0B24D0D640005F2CD2 /* LaunchScreen.storyboard in Resources */,
				15B6EA0824D0D640005F2CD2 /* Assets.xcassets in Resources */,
				15B6EA0624D0D640005F2CD2 /* Main.storyboard in Resources */,
			);
			runOnlyForDeploymentPostprocessing = 0;
		};
		15B6EA0F24D0D641005F2CD2 /* Resources */ = {
			isa = PBXResourcesBuildPhase;
			buildActionMask = 2147483647;
			files = (
			);
			runOnlyForDeploymentPostprocessing = 0;
		};
/* End PBXResourcesBuildPhase section */

/* Begin PBXShellScriptBuildPhase section */
		17158242AB249AFBFCD146C2 /* [CP] Check Pods Manifest.lock */ = {
			isa = PBXShellScriptBuildPhase;
			buildActionMask = 2147483647;
			files = (
			);
			inputFileListPaths = (
			);
			inputPaths = (
				"${PODS_PODFILE_DIR_PATH}/Podfile.lock",
				"${PODS_ROOT}/Manifest.lock",
			);
			name = "[CP] Check Pods Manifest.lock";
			outputFileListPaths = (
			);
			outputPaths = (
				"$(DERIVED_FILE_DIR)/Pods-MarvelTests-checkManifestLockResult.txt",
			);
			runOnlyForDeploymentPostprocessing = 0;
			shellPath = /bin/sh;
			shellScript = "diff \"${PODS_PODFILE_DIR_PATH}/Podfile.lock\" \"${PODS_ROOT}/Manifest.lock\" > /dev/null\nif [ $? != 0 ] ; then\n    # print error to STDERR\n    echo \"error: The sandbox is not in sync with the Podfile.lock. Run 'pod install' or update your CocoaPods installation.\" >&2\n    exit 1\nfi\n# This output is used by Xcode 'outputs' to avoid re-running this script phase.\necho \"SUCCESS\" > \"${SCRIPT_OUTPUT_FILE_0}\"\n";
			showEnvVarsInLog = 0;
		};
		8F42AFC237BAE89339248097 /* [CP] Check Pods Manifest.lock */ = {
			isa = PBXShellScriptBuildPhase;
			buildActionMask = 2147483647;
			files = (
			);
			inputFileListPaths = (
			);
			inputPaths = (
				"${PODS_PODFILE_DIR_PATH}/Podfile.lock",
				"${PODS_ROOT}/Manifest.lock",
			);
			name = "[CP] Check Pods Manifest.lock";
			outputFileListPaths = (
			);
			outputPaths = (
				"$(DERIVED_FILE_DIR)/Pods-Marvel-checkManifestLockResult.txt",
			);
			runOnlyForDeploymentPostprocessing = 0;
			shellPath = /bin/sh;
			shellScript = "diff \"${PODS_PODFILE_DIR_PATH}/Podfile.lock\" \"${PODS_ROOT}/Manifest.lock\" > /dev/null\nif [ $? != 0 ] ; then\n    # print error to STDERR\n    echo \"error: The sandbox is not in sync with the Podfile.lock. Run 'pod install' or update your CocoaPods installation.\" >&2\n    exit 1\nfi\n# This output is used by Xcode 'outputs' to avoid re-running this script phase.\necho \"SUCCESS\" > \"${SCRIPT_OUTPUT_FILE_0}\"\n";
			showEnvVarsInLog = 0;
		};
/* End PBXShellScriptBuildPhase section */

/* Begin PBXSourcesBuildPhase section */
		15B6E9F724D0D640005F2CD2 /* Sources */ = {
			isa = PBXSourcesBuildPhase;
			buildActionMask = 2147483647;
			files = (
				15B6EA0324D0D640005F2CD2 /* ViewController.swift in Sources */,
				15B6E9FF24D0D640005F2CD2 /* AppDelegate.swift in Sources */,
				15B6EA0124D0D640005F2CD2 /* SceneDelegate.swift in Sources */,
			);
			runOnlyForDeploymentPostprocessing = 0;
		};
		15B6EA0D24D0D641005F2CD2 /* Sources */ = {
			isa = PBXSourcesBuildPhase;
			buildActionMask = 2147483647;
			files = (
				15B6EA1624D0D641005F2CD2 /* MarvelTests.swift in Sources */,
			);
			runOnlyForDeploymentPostprocessing = 0;
		};
/* End PBXSourcesBuildPhase section */

/* Begin PBXTargetDependency section */
		15B6EA1324D0D641005F2CD2 /* PBXTargetDependency */ = {
			isa = PBXTargetDependency;
			target = 15B6E9FA24D0D640005F2CD2 /* Marvel */;
			targetProxy = 15B6EA1224D0D641005F2CD2 /* PBXContainerItemProxy */;
		};
/* End PBXTargetDependency section */

/* Begin PBXVariantGroup section */
		15B6EA0424D0D640005F2CD2 /* Main.storyboard */ = {
			isa = PBXVariantGroup;
			children = (
				15B6EA0524D0D640005F2CD2 /* Base */,
			);
			name = Main.storyboard;
			sourceTree = "<group>";
		};
		15B6EA0924D0D640005F2CD2 /* LaunchScreen.storyboard */ = {
			isa = PBXVariantGroup;
			children = (
				15B6EA0A24D0D640005F2CD2 /* Base */,
			);
			name = LaunchScreen.storyboard;
			sourceTree = "<group>";
		};
/* End PBXVariantGroup section */

/* Begin XCBuildConfiguration section */
		15B6EA1824D0D641005F2CD2 /* Debug */ = {
			isa = XCBuildConfiguration;
			buildSettings = {
				ALWAYS_SEARCH_USER_PATHS = NO;
				CLANG_ANALYZER_NONNULL = YES;
				CLANG_ANALYZER_NUMBER_OBJECT_CONVERSION = YES_AGGRESSIVE;
				CLANG_CXX_LANGUAGE_STANDARD = "gnu++14";
				CLANG_CXX_LIBRARY = "libc++";
				CLANG_ENABLE_MODULES = YES;
				CLANG_ENABLE_OBJC_ARC = YES;
				CLANG_ENABLE_OBJC_WEAK = YES;
				CLANG_WARN_BLOCK_CAPTURE_AUTORELEASING = YES;
				CLANG_WARN_BOOL_CONVERSION = YES;
				CLANG_WARN_COMMA = YES;
				CLANG_WARN_CONSTANT_CONVERSION = YES;
				CLANG_WARN_DEPRECATED_OBJC_IMPLEMENTATIONS = YES;
				CLANG_WARN_DIRECT_OBJC_ISA_USAGE = YES_ERROR;
				CLANG_WARN_DOCUMENTATION_COMMENTS = YES;
				CLANG_WARN_EMPTY_BODY = YES;
				CLANG_WARN_ENUM_CONVERSION = YES;
				CLANG_WARN_INFINITE_RECURSION = YES;
				CLANG_WARN_INT_CONVERSION = YES;
				CLANG_WARN_NON_LITERAL_NULL_CONVERSION = YES;
				CLANG_WARN_OBJC_IMPLICIT_RETAIN_SELF = YES;
				CLANG_WARN_OBJC_LITERAL_CONVERSION = YES;
				CLANG_WARN_OBJC_ROOT_CLASS = YES_ERROR;
				CLANG_WARN_RANGE_LOOP_ANALYSIS = YES;
				CLANG_WARN_STRICT_PROTOTYPES = YES;
				CLANG_WARN_SUSPICIOUS_MOVE = YES;
				CLANG_WARN_UNGUARDED_AVAILABILITY = YES_AGGRESSIVE;
				CLANG_WARN_UNREACHABLE_CODE = YES;
				CLANG_WARN__DUPLICATE_METHOD_MATCH = YES;
				COPY_PHASE_STRIP = NO;
				DEBUG_INFORMATION_FORMAT = dwarf;
				ENABLE_STRICT_OBJC_MSGSEND = YES;
				ENABLE_TESTABILITY = YES;
				GCC_C_LANGUAGE_STANDARD = gnu11;
				GCC_DYNAMIC_NO_PIC = NO;
				GCC_NO_COMMON_BLOCKS = YES;
				GCC_OPTIMIZATION_LEVEL = 0;
				GCC_PREPROCESSOR_DEFINITIONS = (
					"DEBUG=1",
					"$(inherited)",
				);
				GCC_WARN_64_TO_32_BIT_CONVERSION = YES;
				GCC_WARN_ABOUT_RETURN_TYPE = YES_ERROR;
				GCC_WARN_UNDECLARED_SELECTOR = YES;
				GCC_WARN_UNINITIALIZED_AUTOS = YES_AGGRESSIVE;
				GCC_WARN_UNUSED_FUNCTION = YES;
				GCC_WARN_UNUSED_VARIABLE = YES;
				IPHONEOS_DEPLOYMENT_TARGET = 13.6;
				MTL_ENABLE_DEBUG_INFO = INCLUDE_SOURCE;
				MTL_FAST_MATH = YES;
				ONLY_ACTIVE_ARCH = YES;
				SDKROOT = iphoneos;
				SWIFT_ACTIVE_COMPILATION_CONDITIONS = DEBUG;
				SWIFT_OPTIMIZATION_LEVEL = "-Onone";
			};
			name = Debug;
		};
		15B6EA1924D0D641005F2CD2 /* Release */ = {
			isa = XCBuildConfiguration;
			buildSettings = {
				ALWAYS_SEARCH_USER_PATHS = NO;
				CLANG_ANALYZER_NONNULL = YES;
				CLANG_ANALYZER_NUMBER_OBJECT_CONVERSION = YES_AGGRESSIVE;
				CLANG_CXX_LANGUAGE_STANDARD = "gnu++14";
				CLANG_CXX_LIBRARY = "libc++";
				CLANG_ENABLE_MODULES = YES;
				CLANG_ENABLE_OBJC_ARC = YES;
				CLANG_ENABLE_OBJC_WEAK = YES;
				CLANG_WARN_BLOCK_CAPTURE_AUTORELEASING = YES;
				CLANG_WARN_BOOL_CONVERSION = YES;
				CLANG_WARN_COMMA = YES;
				CLANG_WARN_CONSTANT_CONVERSION = YES;
				CLANG_WARN_DEPRECATED_OBJC_IMPLEMENTATIONS = YES;
				CLANG_WARN_DIRECT_OBJC_ISA_USAGE = YES_ERROR;
				CLANG_WARN_DOCUMENTATION_COMMENTS = YES;
				CLANG_WARN_EMPTY_BODY = YES;
				CLANG_WARN_ENUM_CONVERSION = YES;
				CLANG_WARN_INFINITE_RECURSION = YES;
				CLANG_WARN_INT_CONVERSION = YES;
				CLANG_WARN_NON_LITERAL_NULL_CONVERSION = YES;
				CLANG_WARN_OBJC_IMPLICIT_RETAIN_SELF = YES;
				CLANG_WARN_OBJC_LITERAL_CONVERSION = YES;
				CLANG_WARN_OBJC_ROOT_CLASS = YES_ERROR;
				CLANG_WARN_RANGE_LOOP_ANALYSIS = YES;
				CLANG_WARN_STRICT_PROTOTYPES = YES;
				CLANG_WARN_SUSPICIOUS_MOVE = YES;
				CLANG_WARN_UNGUARDED_AVAILABILITY = YES_AGGRESSIVE;
				CLANG_WARN_UNREACHABLE_CODE = YES;
				CLANG_WARN__DUPLICATE_METHOD_MATCH = YES;
				COPY_PHASE_STRIP = NO;
				DEBUG_INFORMATION_FORMAT = "dwarf-with-dsym";
				ENABLE_NS_ASSERTIONS = NO;
				ENABLE_STRICT_OBJC_MSGSEND = YES;
				GCC_C_LANGUAGE_STANDARD = gnu11;
				GCC_NO_COMMON_BLOCKS = YES;
				GCC_WARN_64_TO_32_BIT_CONVERSION = YES;
				GCC_WARN_ABOUT_RETURN_TYPE = YES_ERROR;
				GCC_WARN_UNDECLARED_SELECTOR = YES;
				GCC_WARN_UNINITIALIZED_AUTOS = YES_AGGRESSIVE;
				GCC_WARN_UNUSED_FUNCTION = YES;
				GCC_WARN_UNUSED_VARIABLE = YES;
				IPHONEOS_DEPLOYMENT_TARGET = 13.6;
				MTL_ENABLE_DEBUG_INFO = NO;
				MTL_FAST_MATH = YES;
				SDKROOT = iphoneos;
				SWIFT_COMPILATION_MODE = wholemodule;
				SWIFT_OPTIMIZATION_LEVEL = "-O";
				VALIDATE_PRODUCT = YES;
			};
			name = Release;
		};
		15B6EA1B24D0D641005F2CD2 /* Debug */ = {
			isa = XCBuildConfiguration;
			baseConfigurationReference = 58E17F89A732F38BD3B856FF /* Pods-Marvel.debug.xcconfig */;
			buildSettings = {
				ASSETCATALOG_COMPILER_APPICON_NAME = AppIcon;
				CODE_SIGN_STYLE = Automatic;
				INFOPLIST_FILE = Marvel/Info.plist;
				LD_RUNPATH_SEARCH_PATHS = (
					"$(inherited)",
					"@executable_path/Frameworks",
				);
				PRODUCT_BUNDLE_IDENTIFIER = com.ruanvictorreis.Marvel;
				PRODUCT_NAME = "$(TARGET_NAME)";
				SWIFT_VERSION = 5.0;
				TARGETED_DEVICE_FAMILY = "1,2";
			};
			name = Debug;
		};
		15B6EA1C24D0D641005F2CD2 /* Release */ = {
			isa = XCBuildConfiguration;
			baseConfigurationReference = 7E2BB13C856951D7E3ABF752 /* Pods-Marvel.release.xcconfig */;
			buildSettings = {
				ASSETCATALOG_COMPILER_APPICON_NAME = AppIcon;
				CODE_SIGN_STYLE = Automatic;
				INFOPLIST_FILE = Marvel/Info.plist;
				LD_RUNPATH_SEARCH_PATHS = (
					"$(inherited)",
					"@executable_path/Frameworks",
				);
				PRODUCT_BUNDLE_IDENTIFIER = com.ruanvictorreis.Marvel;
				PRODUCT_NAME = "$(TARGET_NAME)";
				SWIFT_VERSION = 5.0;
				TARGETED_DEVICE_FAMILY = "1,2";
			};
			name = Release;
		};
		15B6EA1E24D0D641005F2CD2 /* Debug */ = {
			isa = XCBuildConfiguration;
			baseConfigurationReference = 57C2C385B99C2FBF0C07E9D4 /* Pods-MarvelTests.debug.xcconfig */;
			buildSettings = {
				ALWAYS_EMBED_SWIFT_STANDARD_LIBRARIES = YES;
				BUNDLE_LOADER = "$(TEST_HOST)";
				CODE_SIGN_STYLE = Automatic;
				INFOPLIST_FILE = MarvelTests/Info.plist;
				IPHONEOS_DEPLOYMENT_TARGET = 13.6;
				LD_RUNPATH_SEARCH_PATHS = (
					"$(inherited)",
					"@executable_path/Frameworks",
					"@loader_path/Frameworks",
				);
				PRODUCT_BUNDLE_IDENTIFIER = com.ruanvictorreis.MarvelTests;
				PRODUCT_NAME = "$(TARGET_NAME)";
				SWIFT_VERSION = 5.0;
				TARGETED_DEVICE_FAMILY = "1,2";
				TEST_HOST = "$(BUILT_PRODUCTS_DIR)/Marvel.app/Marvel";
			};
			name = Debug;
		};
		15B6EA1F24D0D641005F2CD2 /* Release */ = {
			isa = XCBuildConfiguration;
			baseConfigurationReference = 431F4551FE95D386218AA4F2 /* Pods-MarvelTests.release.xcconfig */;
			buildSettings = {
				ALWAYS_EMBED_SWIFT_STANDARD_LIBRARIES = YES;
				BUNDLE_LOADER = "$(TEST_HOST)";
				CODE_SIGN_STYLE = Automatic;
				INFOPLIST_FILE = MarvelTests/Info.plist;
				IPHONEOS_DEPLOYMENT_TARGET = 13.6;
				LD_RUNPATH_SEARCH_PATHS = (
					"$(inherited)",
					"@executable_path/Frameworks",
					"@loader_path/Frameworks",
				);
				PRODUCT_BUNDLE_IDENTIFIER = com.ruanvictorreis.MarvelTests;
				PRODUCT_NAME = "$(TARGET_NAME)";
				SWIFT_VERSION = 5.0;
				TARGETED_DEVICE_FAMILY = "1,2";
				TEST_HOST = "$(BUILT_PRODUCTS_DIR)/Marvel.app/Marvel";
			};
			name = Release;
		};
/* End XCBuildConfiguration section */

/* Begin XCConfigurationList section */
		15B6E9F624D0D640005F2CD2 /* Build configuration list for PBXProject "Marvel" */ = {
			isa = XCConfigurationList;
			buildConfigurations = (
				15B6EA1824D0D641005F2CD2 /* Debug */,
				15B6EA1924D0D641005F2CD2 /* Release */,
			);
			defaultConfigurationIsVisible = 0;
			defaultConfigurationName = Release;
		};
		15B6EA1A24D0D641005F2CD2 /* Build configuration list for PBXNativeTarget "Marvel" */ = {
			isa = XCConfigurationList;
			buildConfigurations = (
				15B6EA1B24D0D641005F2CD2 /* Debug */,
				15B6EA1C24D0D641005F2CD2 /* Release */,
			);
			defaultConfigurationIsVisible = 0;
			defaultConfigurationName = Release;
		};
		15B6EA1D24D0D641005F2CD2 /* Build configuration list for PBXNativeTarget "MarvelTests" */ = {
			isa = XCConfigurationList;
			buildConfigurations = (
				15B6EA1E24D0D641005F2CD2 /* Debug */,
				15B6EA1F24D0D641005F2CD2 /* Release */,
			);
			defaultConfigurationIsVisible = 0;
			defaultConfigurationName = Release;
		};
/* End XCConfigurationList section */
	};
	rootObject = 15B6E9F324D0D640005F2CD2 /* Project object */;
}
